// !$*UTF8*$!
{
	archiveVersion = 1;
	classes = {
	};
	objectVersion = 56;
	objects = {

/* Begin PBXBuildFile section */
		07C6427E5068FF4C00B4ACE7 /* G7ShareFollowersView.swift in Sources */ = {isa = PBXBuildFile; fileRef = 5BD28E35C047C73E1EC8AE73 /* G7ShareFollowersView.swift */; };
		0BE316E9E980C04C39842D94 /* G7SensorModel.swift in Sources */ = {isa = PBXBuildFile; fileRef = 2A301AE5854C83E5BD9C6539 /* G7SensorModel.swift */; };
		0C557E84497DE72C92503098 /* G7AlertsFromLoopView.swift in Sources */ = {isa = PBXBuildFile; fileRef = F2A62D050A4DCCED5F4A51F9 /* G7AlertsFromLoopView.swift */; };
		0F2F5FD6CB203E12707A95F0 /* G7SensorPackageTests.swift in Sources */ = {isa = PBXBuildFile; fileRef = 43AE2890ABEAE0FB78B276F1 /* G7SensorPackageTests.swift */; };
		149BC17BD2172421ABE67CD5 /* TransmitterVersionMessage.swift in Sources */ = {isa = PBXBuildFile; fileRef = F5018527436D26E887380354 /* TransmitterVersionMessage.swift */; };
		14BC59D876A3473596F29B02 /* G7SensorRecord.swift in Sources */ = {isa = PBXBuildFile; fileRef = 9F9BEFF95BF6608CE8B1A7B2 /* G7SensorRecord.swift */; };
		1689B0403302877CE35C8BF3 /* TransmitterVersionMessageTests.swift in Sources */ = {isa = PBXBuildFile; fileRef = 9491D07D366D9B6E1486F1F6 /* TransmitterVersionMessageTests.swift */; };
		23C825825ED9241FDEE8B666 /* G7BigUInt.swift in Sources */ = {isa = PBXBuildFile; fileRef = 7B28BDB6307B48D8B1DA03E3 /* G7BigUInt.swift */; };
		276A1D9AF75BA8A64DA82CC0 /* G7SensorModel+Image.swift in Sources */ = {isa = PBXBuildFile; fileRef = B1DE9588AA9650F31A029AC0 /* G7SensorModel+Image.swift */; };
		2A6FED527A83B3BFB84624E3 /* G7PairingSuccessView.swift in Sources */ = {isa = PBXBuildFile; fileRef = 846E1ADD7624F7057E63E28C /* G7PairingSuccessView.swift */; };
		2C8F7D1C21CDF25E11497035 /* G7PairingService.swift in Sources */ = {isa = PBXBuildFile; fileRef = E4C17FD748A65DD33BE4B62E /* G7PairingService.swift */; };
		2ED1C8E18DD717A8FB98CD3C /* G7AES.swift in Sources */ = {isa = PBXBuildFile; fileRef = 6C50AD3678079467EE110CD1 /* G7AES.swift */; };
		3105BF303A53E64B9C14C4DE /* G7LifecycleBar.swift in Sources */ = {isa = PBXBuildFile; fileRef = 7244B8E7EFF1898AF50B85EB /* G7LifecycleBar.swift */; };
		310BA65F04D790184F86A2AF /* G7PreviousSensorView.swift in Sources */ = {isa = PBXBuildFile; fileRef = 4A3F076AE2157B22DE43B91A /* G7PreviousSensorView.swift */; };
		33D21C38F39F73BCDFCFC0C5 /* G7ShareSignInView.swift in Sources */ = {isa = PBXBuildFile; fileRef = 01B1A199C4CD5420A75C58E4 /* G7ShareSignInView.swift */; };
		3B0FD2A52D803BF100E5E921 /* LoopKitUI.framework in Frameworks */ = {isa = PBXBuildFile; fileRef = 3B0FD2A42D803BF000E5E921 /* LoopKitUI.framework */; };
		3C0E7E072DEBAD9E27C4E3E8 /* G7LifecycleAlert.swift in Sources */ = {isa = PBXBuildFile; fileRef = 0BAFBA741A5D33EDA31E9122 /* G7LifecycleAlert.swift */; };
		3EDC19C8067352F7FBC21C26 /* G7DisplayType.swift in Sources */ = {isa = PBXBuildFile; fileRef = FB0ED7F4C52EF2B7DCF8DFFB /* G7DisplayType.swift */; };
		49563257D2DEE29AABBFEC7D /* G7P256.swift in Sources */ = {isa = PBXBuildFile; fileRef = 081992BE86DC6126B0151B4F /* G7P256.swift */; };
		576A7AA8FC9457FE0F540A86 /* G7Authenticator.swift in Sources */ = {isa = PBXBuildFile; fileRef = 899E19256E3224A54FA35AD8 /* G7Authenticator.swift */; };
		58C2B6119E4710D970C3AB5D /* G7PairingViewModel.swift in Sources */ = {isa = PBXBuildFile; fileRef = 72D3DBE7E0F724F99BFB7BC0 /* G7PairingViewModel.swift */; };
		64F873CAFE778918BD2F749A /* G7EnterCodeView.swift in Sources */ = {isa = PBXBuildFile; fileRef = 854B2FDB6A6325716E4FD46D /* G7EnterCodeView.swift */; };
		69AE26EEA16A596AA47DF83A /* G7DexcomAppWarningView.swift in Sources */ = {isa = PBXBuildFile; fileRef = 11ED0ADBD1E5197198A0B215 /* G7DexcomAppWarningView.swift */; };
		6F0232BD04ED7FD3626E0D52 /* G7ShareTests.swift in Sources */ = {isa = PBXBuildFile; fileRef = BA54130B258935826428FB7C /* G7ShareTests.swift */; };
		70DD3285A1241531F66439E3 /* G7DexcomCredentials.swift in Sources */ = {isa = PBXBuildFile; fileRef = 31D1424E75ED6303B966EF89 /* G7DexcomCredentials.swift */; };
		72A6F9D68F93AE44814C3C3D /* G7StartupView.swift in Sources */ = {isa = PBXBuildFile; fileRef = 090FCA4FBE539EA494492C16 /* G7StartupView.swift */; };
		74F6EF71F734A96B0DB47F52 /* G7PeripheralManager+Handshake.swift in Sources */ = {isa = PBXBuildFile; fileRef = 6180916611D0990A46355025 /* G7PeripheralManager+Handshake.swift */; };
		77A93A0B05D5ADEDF217770B /* G7PairingView.swift in Sources */ = {isa = PBXBuildFile; fileRef = BF7CEC5E1884364C2F6DCCF4 /* G7PairingView.swift */; };
		79901713849AC6091E281008 /* G7ApplySensorView.swift in Sources */ = {isa = PBXBuildFile; fileRef = 1AAC94118FFDBD4B3850EE26 /* G7ApplySensorView.swift */; };
		86DE2F2A3F8F5B73AFED5E75 /* G7CalibrationFlowView.swift in Sources */ = {isa = PBXBuildFile; fileRef = D820703F56DC84E12221E63A /* G7CalibrationFlowView.swift */; };
		8BB9F821830FA00C1939FFE3 /* G7JPAKE.swift in Sources */ = {isa = PBXBuildFile; fileRef = 63E50F6710E2494A0E14A6D8 /* G7JPAKE.swift */; };
		8C80F065A36E33C97219C570 /* G7P256Tests.swift in Sources */ = {isa = PBXBuildFile; fileRef = 64134474341A32F8DFDA266F /* G7P256Tests.swift */; };
		97F1FB097E42B4F376FA206F /* G7PairingPlannerTests.swift in Sources */ = {isa = PBXBuildFile; fileRef = 21F6EDAE3E7F2B5FF3E87922 /* G7PairingPlannerTests.swift */; };
		A3C2FD34AC1FB93C9DE1A066 /* G7BigUIntTests.swift in Sources */ = {isa = PBXBuildFile; fileRef = 8990966223D8FEFF85D5D535 /* G7BigUIntTests.swift */; };
		A49D784AE6D465FF59F20CA7 /* G7PackageScannerView.swift in Sources */ = {isa = PBXBuildFile; fileRef = A56525F710EBD017C3949A51 /* G7PackageScannerView.swift */; };
		AEF5658ACA06903991663159 /* G7LifecycleAlertTests.swift in Sources */ = {isa = PBXBuildFile; fileRef = 724358361262BEA3A8F375AA /* G7LifecycleAlertTests.swift */; };
		B139368E33ED6ED8694408FC /* G7SessionMode.swift in Sources */ = {isa = PBXBuildFile; fileRef = 4CAA6FF14E0E9C16A25FD3B6 /* G7SessionMode.swift */; };
		B60BB2E42BC649DA00D2BB39 /* Bundle.swift in Sources */ = {isa = PBXBuildFile; fileRef = B60BB2E32BC649DA00D2BB39 /* Bundle.swift */; };
		B66D1F6D2E6A803800471149 /* Localizable.xcstrings in Resources */ = {isa = PBXBuildFile; fileRef = B66D1F6C2E6A803800471149 /* Localizable.xcstrings */; };
		B66D1F6F2E6A803800471149 /* Localizable.xcstrings in Resources */ = {isa = PBXBuildFile; fileRef = B66D1F6E2E6A803800471149 /* Localizable.xcstrings */; };
		C068D4AE8B0154298062E34C /* G7DexcomApp.swift in Sources */ = {isa = PBXBuildFile; fileRef = ED8667803A1805893E8701B7 /* G7DexcomApp.swift */; };
		C107607F2F059130008B2B39 /* ExtendedVersionMessage.swift in Sources */ = {isa = PBXBuildFile; fileRef = C107607E2F05912B008B2B39 /* ExtendedVersionMessage.swift */; };
		C10760812F05B41B008B2B39 /* ExtendedVersionMessageTests.swift in Sources */ = {isa = PBXBuildFile; fileRef = C10760802F05B412008B2B39 /* ExtendedVersionMessageTests.swift */; };
		C109F14A291ECCE2008EA5B6 /* Assets.xcassets in Resources */ = {isa = PBXBuildFile; fileRef = C109F149291ECCE2008EA5B6 /* Assets.xcassets */; };
		C109F14C291ED66F008EA5B6 /* G7GlucoseMessageTests.swift in Sources */ = {isa = PBXBuildFile; fileRef = C109F14B291ED66F008EA5B6 /* G7GlucoseMessageTests.swift */; };
		C1409A07291EC21C006BE8D0 /* OSLog.swift in Sources */ = {isa = PBXBuildFile; fileRef = C17F5126291EAF2F00555EB5 /* OSLog.swift */; };
		C1409A09291EC22F006BE8D0 /* OSLog.swift in Sources */ = {isa = PBXBuildFile; fileRef = C1409A08291EC22F006BE8D0 /* OSLog.swift */; };
		C1409A0B291EC258006BE8D0 /* OSLog.swift in Sources */ = {isa = PBXBuildFile; fileRef = C1409A0A291EC258006BE8D0 /* OSLog.swift */; };
		C1409A0C291EC2F8006BE8D0 /* G7SensorKit.framework in Frameworks */ = {isa = PBXBuildFile; fileRef = C17F50C6291EAC3800555EB5 /* G7SensorKit.framework */; };
		C1409A0D291EC2F8006BE8D0 /* G7SensorKit.framework in Embed Frameworks */ = {isa = PBXBuildFile; fileRef = C17F50C6291EAC3800555EB5 /* G7SensorKit.framework */; settings = {ATTRIBUTES = (CodeSignOnCopy, RemoveHeadersOnCopy, ); }; };
		C1409A0F291EC2FB006BE8D0 /* G7SensorKitUI.framework in Frameworks */ = {isa = PBXBuildFile; fileRef = C17F50F8291EAC9100555EB5 /* G7SensorKitUI.framework */; };
		C1409A10291EC2FB006BE8D0 /* G7SensorKitUI.framework in Embed Frameworks */ = {isa = PBXBuildFile; fileRef = C17F50F8291EAC9100555EB5 /* G7SensorKitUI.framework */; settings = {ATTRIBUTES = (CodeSignOnCopy, RemoveHeadersOnCopy, ); }; };
		C17F50CF291EAC3800555EB5 /* G7SensorKit.framework in Frameworks */ = {isa = PBXBuildFile; fileRef = C17F50C6291EAC3800555EB5 /* G7SensorKit.framework */; };
		C17F50D4291EAC3800555EB5 /* G7SensorKitTests.swift in Sources */ = {isa = PBXBuildFile; fileRef = C17F50D3291EAC3800555EB5 /* G7SensorKitTests.swift */; };
		C17F50D5291EAC3800555EB5 /* G7SensorKit.h in Headers */ = {isa = PBXBuildFile; fileRef = C17F50C9291EAC3800555EB5 /* G7SensorKit.h */; settings = {ATTRIBUTES = (Public, ); }; };
		C17F50E9291EAC6500555EB5 /* G7BackfillMessage.swift in Sources */ = {isa = PBXBuildFile; fileRef = C17F50DF291EAC6500555EB5 /* G7BackfillMessage.swift */; };
		C17F50EA291EAC6500555EB5 /* G7DeviceStatus.swift in Sources */ = {isa = PBXBuildFile; fileRef = C17F50E0291EAC6500555EB5 /* G7DeviceStatus.swift */; };
		C17F50EB291EAC6500555EB5 /* G7Sensor.swift in Sources */ = {isa = PBXBuildFile; fileRef = C17F50E1291EAC6500555EB5 /* G7Sensor.swift */; };
		C17F50EC291EAC6500555EB5 /* G7LastReading.swift in Sources */ = {isa = PBXBuildFile; fileRef = C17F50E2291EAC6500555EB5 /* G7LastReading.swift */; };
		C17F50ED291EAC6500555EB5 /* G7Opcode.swift in Sources */ = {isa = PBXBuildFile; fileRef = C17F50E3291EAC6500555EB5 /* G7Opcode.swift */; };
		C17F50EE291EAC6500555EB5 /* G7PeripheralManager.swift in Sources */ = {isa = PBXBuildFile; fileRef = C17F50E4291EAC6500555EB5 /* G7PeripheralManager.swift */; };
		C17F50EF291EAC6500555EB5 /* G7CGMManager.swift in Sources */ = {isa = PBXBuildFile; fileRef = C17F50E5291EAC6500555EB5 /* G7CGMManager.swift */; };
		C17F50F0291EAC6500555EB5 /* G7CGMManagerState.swift in Sources */ = {isa = PBXBuildFile; fileRef = C17F50E6291EAC6500555EB5 /* G7CGMManagerState.swift */; };
		C17F50F1291EAC6500555EB5 /* G7BluetoothManager.swift in Sources */ = {isa = PBXBuildFile; fileRef = C17F50E7291EAC6500555EB5 /* G7BluetoothManager.swift */; };
		C17F50F2291EAC6500555EB5 /* G7GlucoseMessage.swift in Sources */ = {isa = PBXBuildFile; fileRef = C17F50E8291EAC6500555EB5 /* G7GlucoseMessage.swift */; };
		C17F50FB291EAC9100555EB5 /* G7SensorKitUI.h in Headers */ = {isa = PBXBuildFile; fileRef = C17F50FA291EAC9100555EB5 /* G7SensorKitUI.h */; settings = {ATTRIBUTES = (Public, ); }; };
		C17F5106291EAC9D00555EB5 /* G7SettingsViewModel.swift in Sources */ = {isa = PBXBuildFile; fileRef = C17F5100291EAC9D00555EB5 /* G7SettingsViewModel.swift */; };
		C17F5108291EAC9D00555EB5 /* G7SettingsView.swift in Sources */ = {isa = PBXBuildFile; fileRef = C17F5102291EAC9D00555EB5 /* G7SettingsView.swift */; };
		C17F5109291EAC9D00555EB5 /* G7CGMManager+UI.swift in Sources */ = {isa = PBXBuildFile; fileRef = C17F5103291EAC9D00555EB5 /* G7CGMManager+UI.swift */; };
		C17F510A291EAC9D00555EB5 /* G7UICoordinator.swift in Sources */ = {isa = PBXBuildFile; fileRef = C17F5104291EAC9D00555EB5 /* G7UICoordinator.swift */; };
		C17F5120291EACCD00555EB5 /* G7SensorPlugin.h in Headers */ = {isa = PBXBuildFile; fileRef = C17F511F291EACCD00555EB5 /* G7SensorPlugin.h */; settings = {ATTRIBUTES = (Public, ); }; };
		C17F5125291EACE400555EB5 /* G7SensorPlugin.swift in Sources */ = {isa = PBXBuildFile; fileRef = C17F5124291EACE400555EB5 /* G7SensorPlugin.swift */; };
		C17F5135291EB06A00555EB5 /* AlgorithmState.swift in Sources */ = {isa = PBXBuildFile; fileRef = C17F5134291EB06A00555EB5 /* AlgorithmState.swift */; };
		C17F5138291EB0A800555EB5 /* Data.swift in Sources */ = {isa = PBXBuildFile; fileRef = C17F5137291EB0A800555EB5 /* Data.swift */; };
		C17F513A291EB0D900555EB5 /* GlucoseLimits.swift in Sources */ = {isa = PBXBuildFile; fileRef = C17F5139291EB0D900555EB5 /* GlucoseLimits.swift */; };
		C17F513C291EB13D00555EB5 /* Locked.swift in Sources */ = {isa = PBXBuildFile; fileRef = C17F513B291EB13D00555EB5 /* Locked.swift */; };
		C17F513E291EB1A500555EB5 /* BluetoothServices.swift in Sources */ = {isa = PBXBuildFile; fileRef = C17F513D291EB1A500555EB5 /* BluetoothServices.swift */; };
		C17F5140291EB27D00555EB5 /* TimeInterval.swift in Sources */ = {isa = PBXBuildFile; fileRef = C17F513F291EB27D00555EB5 /* TimeInterval.swift */; };
		C17F5143291EB36700555EB5 /* AuthChallengeRxMessage.swift in Sources */ = {isa = PBXBuildFile; fileRef = C17F5142291EB36700555EB5 /* AuthChallengeRxMessage.swift */; };
		C17F5145291EB45900555EB5 /* CBPeripheral.swift in Sources */ = {isa = PBXBuildFile; fileRef = C17F5144291EB45900555EB5 /* CBPeripheral.swift */; };
		C17F5147291EB57700555EB5 /* SensorMessage.swift in Sources */ = {isa = PBXBuildFile; fileRef = C17F5146291EB57700555EB5 /* SensorMessage.swift */; };
		C17F5149291EB6B600555EB5 /* LocalizedString.swift in Sources */ = {isa = PBXBuildFile; fileRef = C17F5148291EB6B600555EB5 /* LocalizedString.swift */; };
		C17F514D291EB79E00555EB5 /* AlgorithmError.swift in Sources */ = {isa = PBXBuildFile; fileRef = C17F514C291EB79E00555EB5 /* AlgorithmError.swift */; };
		C17F514F291EB87600555EB5 /* G7SensorKit.framework in Frameworks */ = {isa = PBXBuildFile; fileRef = C17F50C6291EAC3800555EB5 /* G7SensorKit.framework */; };
		C17F5156291EBD8600555EB5 /* Image.swift in Sources */ = {isa = PBXBuildFile; fileRef = C17F5155291EBD8600555EB5 /* Image.swift */; };
		C17F5157291EBD9900555EB5 /* TimeInterval.swift in Sources */ = {isa = PBXBuildFile; fileRef = C17F513F291EB27D00555EB5 /* TimeInterval.swift */; };
		C19C9F4E29C91C4C00A6D3D0 /* LocalizedString.swift in Sources */ = {isa = PBXBuildFile; fileRef = C19C9F4D29C91C4C00A6D3D0 /* LocalizedString.swift */; };
		C1D0C0DE2F0700010000CAFE /* G7CGMManagerTests.swift in Sources */ = {isa = PBXBuildFile; fileRef = C1D0C0DE2F0700020000CAFE /* G7CGMManagerTests.swift */; };
		C1E71720292D84FE00DA646F /* G7ProgressBarState.swift in Sources */ = {isa = PBXBuildFile; fileRef = C1E7171F292D84FE00DA646F /* G7ProgressBarState.swift */; };
		CF8E76B21D92A5ED046EBA26 /* G7Advertisement.swift in Sources */ = {isa = PBXBuildFile; fileRef = 14C635B2D3F90E42F5907A39 /* G7Advertisement.swift */; };
		D2F6C2D8999636C3D4F31DB1 /* G7AdvertisementTests.swift in Sources */ = {isa = PBXBuildFile; fileRef = 742542EDF25C573BA2E8B09A /* G7AdvertisementTests.swift */; };
		D3CEBAE892F7B88160295F5F /* G7CalibrationRecord.swift in Sources */ = {isa = PBXBuildFile; fileRef = 8BA8EE3244D1FE42461E792D /* G7CalibrationRecord.swift */; };
		D3DA1DF230DBADA4CB37F401 /* G7SessionModeMigrationTests.swift in Sources */ = {isa = PBXBuildFile; fileRef = 588CB2A449236A6A47F4579B /* G7SessionModeMigrationTests.swift */; };
		DC2AF055A5745BBE1CA98CA4 /* G7ShareUploader.swift in Sources */ = {isa = PBXBuildFile; fileRef = 641A515C9511A961C9C88318 /* G7ShareUploader.swift */; };
		DCA90BB5CD02D44CB4B9C56E /* G7ShareCredentials.swift in Sources */ = {isa = PBXBuildFile; fileRef = FDF477055052A701D95C9FAD /* G7ShareCredentials.swift */; };
		DDCA164A5054CBE3AF748726 /* G7PairingPlanner.swift in Sources */ = {isa = PBXBuildFile; fileRef = 7028829033065F083529D6A8 /* G7PairingPlanner.swift */; };
		E18DCCF3754672CBF129B139 /* G7PCert.swift in Sources */ = {isa = PBXBuildFile; fileRef = 324F8C967DDB24EB158A1A45 /* G7PCert.swift */; };
		E27AD9A53440FCF6DE60C086 /* G7ShareClient.swift in Sources */ = {isa = PBXBuildFile; fileRef = 1F6E1168130AAC43E96B4723 /* G7ShareClient.swift */; };
		E654B56A0D3A74C9199EE1B7 /* G7SensorPackage.swift in Sources */ = {isa = PBXBuildFile; fileRef = EADB2921131FCF7BE4BAAA78 /* G7SensorPackage.swift */; };
		EA756ED51BB567AB19020B47 /* G7CalibrationTests.swift in Sources */ = {isa = PBXBuildFile; fileRef = 8DDCCED9AACFF7A7EF879459 /* G7CalibrationTests.swift */; };
		EE80FBB62E9FF65D5946BBD7 /* G7ChallengeSigner.swift in Sources */ = {isa = PBXBuildFile; fileRef = B1A771C4DCFFA924E278E352 /* G7ChallengeSigner.swift */; };
		EF41639FF51B727324A04A49 /* G7NotificationPermissionsView.swift in Sources */ = {isa = PBXBuildFile; fileRef = F3BAC6D6BA20FCF904FA1465 /* G7NotificationPermissionsView.swift */; };
		F5F8174E48028D9B111B8C59 /* G7JPAKETests.swift in Sources */ = {isa = PBXBuildFile; fileRef = 6888359A74F9F636FBDCA8BB /* G7JPAKETests.swift */; };
		F998BB980898C160A2440473 /* G7AuthCryptoTests.swift in Sources */ = {isa = PBXBuildFile; fileRef = 94A7A4E8FF66BE03B02B2E01 /* G7AuthCryptoTests.swift */; };
		FD0DF29C00B05DECD53A4E2C /* G7CalibrationMessage.swift in Sources */ = {isa = PBXBuildFile; fileRef = DF238DACCD930310363D3EB5 /* G7CalibrationMessage.swift */; };
/* End PBXBuildFile section */

/* Begin PBXContainerItemProxy section */
		C17F50D0291EAC3800555EB5 /* PBXContainerItemProxy */ = {
			isa = PBXContainerItemProxy;
			containerPortal = C17F50BD291EAC3800555EB5 /* Project object */;
			proxyType = 1;
			remoteGlobalIDString = C17F50C5291EAC3800555EB5;
			remoteInfo = G7SensorKit;
		};
		C17F512B291EAFA100555EB5 /* PBXContainerItemProxy */ = {
			isa = PBXContainerItemProxy;
			containerPortal = C17F50BD291EAC3800555EB5 /* Project object */;
			proxyType = 1;
			remoteGlobalIDString = C17F50C5291EAC3800555EB5;
			remoteInfo = G7SensorKit;
		};
		C17F512F291EAFA100555EB5 /* PBXContainerItemProxy */ = {
			isa = PBXContainerItemProxy;
			containerPortal = C17F50BD291EAC3800555EB5 /* Project object */;
			proxyType = 1;
			remoteGlobalIDString = C17F50F7291EAC9100555EB5;
			remoteInfo = G7SensorKitUI;
		};
		C17F5151291EB87600555EB5 /* PBXContainerItemProxy */ = {
			isa = PBXContainerItemProxy;
			containerPortal = C17F50BD291EAC3800555EB5 /* Project object */;
			proxyType = 1;
			remoteGlobalIDString = C17F50C5291EAC3800555EB5;
			remoteInfo = G7SensorKit;
		};
/* End PBXContainerItemProxy section */

/* Begin PBXCopyFilesBuildPhase section */
		C1409A0E291EC2F8006BE8D0 /* Embed Frameworks */ = {
			isa = PBXCopyFilesBuildPhase;
			buildActionMask = 2147483647;
			dstPath = "";
			dstSubfolderSpec = 10;
			files = (
				C1409A0D291EC2F8006BE8D0 /* G7SensorKit.framework in Embed Frameworks */,
				C1409A10291EC2FB006BE8D0 /* G7SensorKitUI.framework in Embed Frameworks */,
			);
			name = "Embed Frameworks";
			runOnlyForDeploymentPostprocessing = 0;
		};
/* End PBXCopyFilesBuildPhase section */

/* Begin PBXFileReference section */
		01B1A199C4CD5420A75C58E4 /* G7ShareSignInView.swift */ = {isa = PBXFileReference; includeInIndex = 1; lastKnownFileType = sourcecode.swift; path = G7ShareSignInView.swift; sourceTree = "<group>"; };
		081992BE86DC6126B0151B4F /* G7P256.swift */ = {isa = PBXFileReference; includeInIndex = 1; lastKnownFileType = sourcecode.swift; path = G7P256.swift; sourceTree = "<group>"; };
		090FCA4FBE539EA494492C16 /* G7StartupView.swift */ = {isa = PBXFileReference; includeInIndex = 1; lastKnownFileType = sourcecode.swift; path = G7StartupView.swift; sourceTree = "<group>"; };
		0BAFBA741A5D33EDA31E9122 /* G7LifecycleAlert.swift */ = {isa = PBXFileReference; includeInIndex = 1; lastKnownFileType = sourcecode.swift; path = G7LifecycleAlert.swift; sourceTree = "<group>"; };
		11ED0ADBD1E5197198A0B215 /* G7DexcomAppWarningView.swift */ = {isa = PBXFileReference; includeInIndex = 1; lastKnownFileType = sourcecode.swift; path = G7DexcomAppWarningView.swift; sourceTree = "<group>"; };
		14C635B2D3F90E42F5907A39 /* G7Advertisement.swift */ = {isa = PBXFileReference; includeInIndex = 1; lastKnownFileType = sourcecode.swift; path = G7Advertisement.swift; sourceTree = "<group>"; };
		1AAC94118FFDBD4B3850EE26 /* G7ApplySensorView.swift */ = {isa = PBXFileReference; includeInIndex = 1; lastKnownFileType = sourcecode.swift; path = G7ApplySensorView.swift; sourceTree = "<group>"; };
		1F6E1168130AAC43E96B4723 /* G7ShareClient.swift */ = {isa = PBXFileReference; includeInIndex = 1; lastKnownFileType = sourcecode.swift; path = G7ShareClient.swift; sourceTree = "<group>"; };
		21F6EDAE3E7F2B5FF3E87922 /* G7PairingPlannerTests.swift */ = {isa = PBXFileReference; includeInIndex = 1; lastKnownFileType = sourcecode.swift; path = G7PairingPlannerTests.swift; sourceTree = "<group>"; };
		2A301AE5854C83E5BD9C6539 /* G7SensorModel.swift */ = {isa = PBXFileReference; includeInIndex = 1; lastKnownFileType = sourcecode.swift; path = G7SensorModel.swift; sourceTree = "<group>"; };
		31D1424E75ED6303B966EF89 /* G7DexcomCredentials.swift */ = {isa = PBXFileReference; includeInIndex = 1; lastKnownFileType = sourcecode.swift; path = G7DexcomCredentials.swift; sourceTree = "<group>"; };
		324F8C967DDB24EB158A1A45 /* G7PCert.swift */ = {isa = PBXFileReference; includeInIndex = 1; lastKnownFileType = sourcecode.swift; path = G7PCert.swift; sourceTree = "<group>"; };
		3B0FD2A42D803BF000E5E921 /* LoopKitUI.framework */ = {isa = PBXFileReference; explicitFileType = wrapper.framework; path = LoopKitUI.framework; sourceTree = BUILT_PRODUCTS_DIR; };
		43AE2890ABEAE0FB78B276F1 /* G7SensorPackageTests.swift */ = {isa = PBXFileReference; includeInIndex = 1; lastKnownFileType = sourcecode.swift; path = G7SensorPackageTests.swift; sourceTree = "<group>"; };
		4A3F076AE2157B22DE43B91A /* G7PreviousSensorView.swift */ = {isa = PBXFileReference; includeInIndex = 1; lastKnownFileType = sourcecode.swift; path = G7PreviousSensorView.swift; sourceTree = "<group>"; };
		4CAA6FF14E0E9C16A25FD3B6 /* G7SessionMode.swift */ = {isa = PBXFileReference; includeInIndex = 1; lastKnownFileType = sourcecode.swift; path = G7SessionMode.swift; sourceTree = "<group>"; };
		588CB2A449236A6A47F4579B /* G7SessionModeMigrationTests.swift */ = {isa = PBXFileReference; includeInIndex = 1; lastKnownFileType = sourcecode.swift; path = G7SessionModeMigrationTests.swift; sourceTree = "<group>"; };
		5BD28E35C047C73E1EC8AE73 /* G7ShareFollowersView.swift */ = {isa = PBXFileReference; includeInIndex = 1; lastKnownFileType = sourcecode.swift; path = G7ShareFollowersView.swift; sourceTree = "<group>"; };
		6180916611D0990A46355025 /* G7PeripheralManager+Handshake.swift */ = {isa = PBXFileReference; includeInIndex = 1; lastKnownFileType = sourcecode.swift; path = "G7PeripheralManager+Handshake.swift"; sourceTree = "<group>"; };
		63E50F6710E2494A0E14A6D8 /* G7JPAKE.swift */ = {isa = PBXFileReference; includeInIndex = 1; lastKnownFileType = sourcecode.swift; path = G7JPAKE.swift; sourceTree = "<group>"; };
		64134474341A32F8DFDA266F /* G7P256Tests.swift */ = {isa = PBXFileReference; includeInIndex = 1; lastKnownFileType = sourcecode.swift; path = G7P256Tests.swift; sourceTree = "<group>"; };
		641A515C9511A961C9C88318 /* G7ShareUploader.swift */ = {isa = PBXFileReference; includeInIndex = 1; lastKnownFileType = sourcecode.swift; path = G7ShareUploader.swift; sourceTree = "<group>"; };
		6888359A74F9F636FBDCA8BB /* G7JPAKETests.swift */ = {isa = PBXFileReference; includeInIndex = 1; lastKnownFileType = sourcecode.swift; path = G7JPAKETests.swift; sourceTree = "<group>"; };
		6C50AD3678079467EE110CD1 /* G7AES.swift */ = {isa = PBXFileReference; includeInIndex = 1; lastKnownFileType = sourcecode.swift; path = G7AES.swift; sourceTree = "<group>"; };
		7028829033065F083529D6A8 /* G7PairingPlanner.swift */ = {isa = PBXFileReference; includeInIndex = 1; lastKnownFileType = sourcecode.swift; path = G7PairingPlanner.swift; sourceTree = "<group>"; };
		724358361262BEA3A8F375AA /* G7LifecycleAlertTests.swift */ = {isa = PBXFileReference; includeInIndex = 1; lastKnownFileType = sourcecode.swift; path = G7LifecycleAlertTests.swift; sourceTree = "<group>"; };
		7244B8E7EFF1898AF50B85EB /* G7LifecycleBar.swift */ = {isa = PBXFileReference; includeInIndex = 1; lastKnownFileType = sourcecode.swift; path = G7LifecycleBar.swift; sourceTree = "<group>"; };
		72D3DBE7E0F724F99BFB7BC0 /* G7PairingViewModel.swift */ = {isa = PBXFileReference; includeInIndex = 1; lastKnownFileType = sourcecode.swift; path = G7PairingViewModel.swift; sourceTree = "<group>"; };
		742542EDF25C573BA2E8B09A /* G7AdvertisementTests.swift */ = {isa = PBXFileReference; includeInIndex = 1; lastKnownFileType = sourcecode.swift; path = G7AdvertisementTests.swift; sourceTree = "<group>"; };
		7B28BDB6307B48D8B1DA03E3 /* G7BigUInt.swift */ = {isa = PBXFileReference; includeInIndex = 1; lastKnownFileType = sourcecode.swift; path = G7BigUInt.swift; sourceTree = "<group>"; };
		846E1ADD7624F7057E63E28C /* G7PairingSuccessView.swift */ = {isa = PBXFileReference; includeInIndex = 1; lastKnownFileType = sourcecode.swift; path = G7PairingSuccessView.swift; sourceTree = "<group>"; };
		854B2FDB6A6325716E4FD46D /* G7EnterCodeView.swift */ = {isa = PBXFileReference; includeInIndex = 1; lastKnownFileType = sourcecode.swift; path = G7EnterCodeView.swift; sourceTree = "<group>"; };
		8990966223D8FEFF85D5D535 /* G7BigUIntTests.swift */ = {isa = PBXFileReference; includeInIndex = 1; lastKnownFileType = sourcecode.swift; path = G7BigUIntTests.swift; sourceTree = "<group>"; };
		899E19256E3224A54FA35AD8 /* G7Authenticator.swift */ = {isa = PBXFileReference; includeInIndex = 1; lastKnownFileType = sourcecode.swift; path = G7Authenticator.swift; sourceTree = "<group>"; };
		8BA8EE3244D1FE42461E792D /* G7CalibrationRecord.swift */ = {isa = PBXFileReference; includeInIndex = 1; lastKnownFileType = sourcecode.swift; path = G7CalibrationRecord.swift; sourceTree = "<group>"; };
		8DDCCED9AACFF7A7EF879459 /* G7CalibrationTests.swift */ = {isa = PBXFileReference; includeInIndex = 1; lastKnownFileType = sourcecode.swift; path = G7CalibrationTests.swift; sourceTree = "<group>"; };
		9491D07D366D9B6E1486F1F6 /* TransmitterVersionMessageTests.swift */ = {isa = PBXFileReference; includeInIndex = 1; lastKnownFileType = sourcecode.swift; path = TransmitterVersionMessageTests.swift; sourceTree = "<group>"; };
		94A7A4E8FF66BE03B02B2E01 /* G7AuthCryptoTests.swift */ = {isa = PBXFileReference; includeInIndex = 1; lastKnownFileType = sourcecode.swift; path = G7AuthCryptoTests.swift; sourceTree = "<group>"; };
		9F9BEFF95BF6608CE8B1A7B2 /* G7SensorRecord.swift */ = {isa = PBXFileReference; includeInIndex = 1; lastKnownFileType = sourcecode.swift; path = G7SensorRecord.swift; sourceTree = "<group>"; };
		A56525F710EBD017C3949A51 /* G7PackageScannerView.swift */ = {isa = PBXFileReference; includeInIndex = 1; lastKnownFileType = sourcecode.swift; path = G7PackageScannerView.swift; sourceTree = "<group>"; };
		B1A771C4DCFFA924E278E352 /* G7ChallengeSigner.swift */ = {isa = PBXFileReference; includeInIndex = 1; lastKnownFileType = sourcecode.swift; path = G7ChallengeSigner.swift; sourceTree = "<group>"; };
		B1DE9588AA9650F31A029AC0 /* G7SensorModel+Image.swift */ = {isa = PBXFileReference; includeInIndex = 1; lastKnownFileType = sourcecode.swift; path = "G7SensorModel+Image.swift"; sourceTree = "<group>"; };
		B60BB2E32BC649DA00D2BB39 /* Bundle.swift */ = {isa = PBXFileReference; fileEncoding = 4; lastKnownFileType = sourcecode.swift; name = Bundle.swift; path = G7SensorKitUI/Extensions/Bundle.swift; sourceTree = SOURCE_ROOT; };
		B66D1F6C2E6A803800471149 /* Localizable.xcstrings */ = {isa = PBXFileReference; lastKnownFileType = text.json.xcstrings; path = Localizable.xcstrings; sourceTree = "<group>"; };
		B66D1F6E2E6A803800471149 /* Localizable.xcstrings */ = {isa = PBXFileReference; lastKnownFileType = text.json.xcstrings; path = Localizable.xcstrings; sourceTree = "<group>"; };
		BA54130B258935826428FB7C /* G7ShareTests.swift */ = {isa = PBXFileReference; includeInIndex = 1; lastKnownFileType = sourcecode.swift; path = G7ShareTests.swift; sourceTree = "<group>"; };
		BF7CEC5E1884364C2F6DCCF4 /* G7PairingView.swift */ = {isa = PBXFileReference; includeInIndex = 1; lastKnownFileType = sourcecode.swift; path = G7PairingView.swift; sourceTree = "<group>"; };
		C107607E2F05912B008B2B39 /* ExtendedVersionMessage.swift */ = {isa = PBXFileReference; lastKnownFileType = sourcecode.swift; path = ExtendedVersionMessage.swift; sourceTree = "<group>"; };
		C10760802F05B412008B2B39 /* ExtendedVersionMessageTests.swift */ = {isa = PBXFileReference; lastKnownFileType = sourcecode.swift; path = ExtendedVersionMessageTests.swift; sourceTree = "<group>"; };
		C109F149291ECCE2008EA5B6 /* Assets.xcassets */ = {isa = PBXFileReference; lastKnownFileType = folder.assetcatalog; path = Assets.xcassets; sourceTree = "<group>"; };
		C109F14B291ED66F008EA5B6 /* G7GlucoseMessageTests.swift */ = {isa = PBXFileReference; fileEncoding = 4; lastKnownFileType = sourcecode.swift; path = G7GlucoseMessageTests.swift; sourceTree = "<group>"; };
		C1409A08291EC22F006BE8D0 /* OSLog.swift */ = {isa = PBXFileReference; lastKnownFileType = sourcecode.swift; path = OSLog.swift; sourceTree = "<group>"; };
		C1409A0A291EC258006BE8D0 /* OSLog.swift */ = {isa = PBXFileReference; lastKnownFileType = sourcecode.swift; path = OSLog.swift; sourceTree = "<group>"; };
		C17F50C6291EAC3800555EB5 /* G7SensorKit.framework */ = {isa = PBXFileReference; explicitFileType = wrapper.framework; includeInIndex = 0; path = G7SensorKit.framework; sourceTree = BUILT_PRODUCTS_DIR; };
		C17F50C9291EAC3800555EB5 /* G7SensorKit.h */ = {isa = PBXFileReference; lastKnownFileType = sourcecode.c.h; path = G7SensorKit.h; sourceTree = "<group>"; };
		C17F50CE291EAC3800555EB5 /* G7SensorKitTests.xctest */ = {isa = PBXFileReference; explicitFileType = wrapper.cfbundle; includeInIndex = 0; path = G7SensorKitTests.xctest; sourceTree = BUILT_PRODUCTS_DIR; };
		C17F50D3291EAC3800555EB5 /* G7SensorKitTests.swift */ = {isa = PBXFileReference; lastKnownFileType = sourcecode.swift; path = G7SensorKitTests.swift; sourceTree = "<group>"; };
		C17F50DF291EAC6500555EB5 /* G7BackfillMessage.swift */ = {isa = PBXFileReference; fileEncoding = 4; lastKnownFileType = sourcecode.swift; path = G7BackfillMessage.swift; sourceTree = "<group>"; };
		C17F50E0291EAC6500555EB5 /* G7DeviceStatus.swift */ = {isa = PBXFileReference; fileEncoding = 4; lastKnownFileType = sourcecode.swift; path = G7DeviceStatus.swift; sourceTree = "<group>"; };
		C17F50E1291EAC6500555EB5 /* G7Sensor.swift */ = {isa = PBXFileReference; fileEncoding = 4; lastKnownFileType = sourcecode.swift; path = G7Sensor.swift; sourceTree = "<group>"; };
		C17F50E2291EAC6500555EB5 /* G7LastReading.swift */ = {isa = PBXFileReference; fileEncoding = 4; lastKnownFileType = sourcecode.swift; path = G7LastReading.swift; sourceTree = "<group>"; };
		C17F50E3291EAC6500555EB5 /* G7Opcode.swift */ = {isa = PBXFileReference; fileEncoding = 4; lastKnownFileType = sourcecode.swift; path = G7Opcode.swift; sourceTree = "<group>"; };
		C17F50E4291EAC6500555EB5 /* G7PeripheralManager.swift */ = {isa = PBXFileReference; fileEncoding = 4; lastKnownFileType = sourcecode.swift; path = G7PeripheralManager.swift; sourceTree = "<group>"; };
		C17F50E5291EAC6500555EB5 /* G7CGMManager.swift */ = {isa = PBXFileReference; fileEncoding = 4; lastKnownFileType = sourcecode.swift; path = G7CGMManager.swift; sourceTree = "<group>"; };
		C17F50E6291EAC6500555EB5 /* G7CGMManagerState.swift */ = {isa = PBXFileReference; fileEncoding = 4; lastKnownFileType = sourcecode.swift; path = G7CGMManagerState.swift; sourceTree = "<group>"; };
		C17F50E7291EAC6500555EB5 /* G7BluetoothManager.swift */ = {isa = PBXFileReference; fileEncoding = 4; lastKnownFileType = sourcecode.swift; path = G7BluetoothManager.swift; sourceTree = "<group>"; };
		C17F50E8291EAC6500555EB5 /* G7GlucoseMessage.swift */ = {isa = PBXFileReference; fileEncoding = 4; lastKnownFileType = sourcecode.swift; path = G7GlucoseMessage.swift; sourceTree = "<group>"; };
		C17F50F8291EAC9100555EB5 /* G7SensorKitUI.framework */ = {isa = PBXFileReference; explicitFileType = wrapper.framework; includeInIndex = 0; path = G7SensorKitUI.framework; sourceTree = BUILT_PRODUCTS_DIR; };
		C17F50FA291EAC9100555EB5 /* G7SensorKitUI.h */ = {isa = PBXFileReference; lastKnownFileType = sourcecode.c.h; path = G7SensorKitUI.h; sourceTree = "<group>"; };
		C17F5100291EAC9D00555EB5 /* G7SettingsViewModel.swift */ = {isa = PBXFileReference; fileEncoding = 4; lastKnownFileType = sourcecode.swift; path = G7SettingsViewModel.swift; sourceTree = "<group>"; };
		C17F5102291EAC9D00555EB5 /* G7SettingsView.swift */ = {isa = PBXFileReference; fileEncoding = 4; lastKnownFileType = sourcecode.swift; path = G7SettingsView.swift; sourceTree = "<group>"; };
		C17F5103291EAC9D00555EB5 /* G7CGMManager+UI.swift */ = {isa = PBXFileReference; fileEncoding = 4; lastKnownFileType = sourcecode.swift; path = "G7CGMManager+UI.swift"; sourceTree = "<group>"; };
		C17F5104291EAC9D00555EB5 /* G7UICoordinator.swift */ = {isa = PBXFileReference; fileEncoding = 4; lastKnownFileType = sourcecode.swift; path = G7UICoordinator.swift; sourceTree = "<group>"; };
		C17F511D291EACCD00555EB5 /* G7SensorPlugin.loopplugin */ = {isa = PBXFileReference; explicitFileType = wrapper.framework; includeInIndex = 0; path = G7SensorPlugin.loopplugin; sourceTree = BUILT_PRODUCTS_DIR; };
		C17F511F291EACCD00555EB5 /* G7SensorPlugin.h */ = {isa = PBXFileReference; lastKnownFileType = sourcecode.c.h; path = G7SensorPlugin.h; sourceTree = "<group>"; };
		C17F5124291EACE400555EB5 /* G7SensorPlugin.swift */ = {isa = PBXFileReference; fileEncoding = 4; lastKnownFileType = sourcecode.swift; path = G7SensorPlugin.swift; sourceTree = "<group>"; };
		C17F5126291EAF2F00555EB5 /* OSLog.swift */ = {isa = PBXFileReference; fileEncoding = 4; lastKnownFileType = sourcecode.swift; path = OSLog.swift; sourceTree = "<group>"; };
		C17F5134291EB06A00555EB5 /* AlgorithmState.swift */ = {isa = PBXFileReference; fileEncoding = 4; lastKnownFileType = sourcecode.swift; path = AlgorithmState.swift; sourceTree = "<group>"; };
		C17F5137291EB0A800555EB5 /* Data.swift */ = {isa = PBXFileReference; fileEncoding = 4; lastKnownFileType = sourcecode.swift; path = Data.swift; sourceTree = "<group>"; };
		C17F5139291EB0D900555EB5 /* GlucoseLimits.swift */ = {isa = PBXFileReference; fileEncoding = 4; lastKnownFileType = sourcecode.swift; path = GlucoseLimits.swift; sourceTree = "<group>"; };
		C17F513B291EB13D00555EB5 /* Locked.swift */ = {isa = PBXFileReference; fileEncoding = 4; lastKnownFileType = sourcecode.swift; path = Locked.swift; sourceTree = "<group>"; };
		C17F513D291EB1A500555EB5 /* BluetoothServices.swift */ = {isa = PBXFileReference; fileEncoding = 4; lastKnownFileType = sourcecode.swift; path = BluetoothServices.swift; sourceTree = "<group>"; };
		C17F513F291EB27D00555EB5 /* TimeInterval.swift */ = {isa = PBXFileReference; fileEncoding = 4; lastKnownFileType = sourcecode.swift; path = TimeInterval.swift; sourceTree = "<group>"; };
		C17F5142291EB36700555EB5 /* AuthChallengeRxMessage.swift */ = {isa = PBXFileReference; fileEncoding = 4; lastKnownFileType = sourcecode.swift; path = AuthChallengeRxMessage.swift; sourceTree = "<group>"; };
		C17F5144291EB45900555EB5 /* CBPeripheral.swift */ = {isa = PBXFileReference; fileEncoding = 4; lastKnownFileType = sourcecode.swift; path = CBPeripheral.swift; sourceTree = "<group>"; };
		C17F5146291EB57700555EB5 /* SensorMessage.swift */ = {isa = PBXFileReference; explicitFileType = sourcecode.swift; fileEncoding = 4; path = SensorMessage.swift; sourceTree = "<group>"; };
		C17F5148291EB6B600555EB5 /* LocalizedString.swift */ = {isa = PBXFileReference; fileEncoding = 4; lastKnownFileType = sourcecode.swift; path = LocalizedString.swift; sourceTree = "<group>"; };
		C17F514C291EB79E00555EB5 /* AlgorithmError.swift */ = {isa = PBXFileReference; lastKnownFileType = sourcecode.swift; path = AlgorithmError.swift; sourceTree = "<group>"; };
		C17F5155291EBD8600555EB5 /* Image.swift */ = {isa = PBXFileReference; fileEncoding = 4; lastKnownFileType = sourcecode.swift; path = Image.swift; sourceTree = "<group>"; };
		C17F5158291EBE7500555EB5 /* Info.plist */ = {isa = PBXFileReference; fileEncoding = 4; lastKnownFileType = text.plist.xml; path = Info.plist; sourceTree = "<group>"; };
		C19C9F4D29C91C4C00A6D3D0 /* LocalizedString.swift */ = {isa = PBXFileReference; lastKnownFileType = sourcecode.swift; path = LocalizedString.swift; sourceTree = "<group>"; };
		C1D0C0DE2F0700020000CAFE /* G7CGMManagerTests.swift */ = {isa = PBXFileReference; lastKnownFileType = sourcecode.swift; path = G7CGMManagerTests.swift; sourceTree = "<group>"; };
		C1E7171F292D84FE00DA646F /* G7ProgressBarState.swift */ = {isa = PBXFileReference; lastKnownFileType = sourcecode.swift; path = G7ProgressBarState.swift; sourceTree = "<group>"; };
		D820703F56DC84E12221E63A /* G7CalibrationFlowView.swift */ = {isa = PBXFileReference; includeInIndex = 1; lastKnownFileType = sourcecode.swift; path = G7CalibrationFlowView.swift; sourceTree = "<group>"; };
		DF238DACCD930310363D3EB5 /* G7CalibrationMessage.swift */ = {isa = PBXFileReference; includeInIndex = 1; lastKnownFileType = sourcecode.swift; path = G7CalibrationMessage.swift; sourceTree = "<group>"; };
		E4C17FD748A65DD33BE4B62E /* G7PairingService.swift */ = {isa = PBXFileReference; includeInIndex = 1; lastKnownFileType = sourcecode.swift; path = G7PairingService.swift; sourceTree = "<group>"; };
		EADB2921131FCF7BE4BAAA78 /* G7SensorPackage.swift */ = {isa = PBXFileReference; includeInIndex = 1; lastKnownFileType = sourcecode.swift; path = G7SensorPackage.swift; sourceTree = "<group>"; };
		ED8667803A1805893E8701B7 /* G7DexcomApp.swift */ = {isa = PBXFileReference; includeInIndex = 1; lastKnownFileType = sourcecode.swift; path = G7DexcomApp.swift; sourceTree = "<group>"; };
		F2A62D050A4DCCED5F4A51F9 /* G7AlertsFromLoopView.swift */ = {isa = PBXFileReference; includeInIndex = 1; lastKnownFileType = sourcecode.swift; path = G7AlertsFromLoopView.swift; sourceTree = "<group>"; };
		F3BAC6D6BA20FCF904FA1465 /* G7NotificationPermissionsView.swift */ = {isa = PBXFileReference; includeInIndex = 1; lastKnownFileType = sourcecode.swift; path = G7NotificationPermissionsView.swift; sourceTree = "<group>"; };
		F5018527436D26E887380354 /* TransmitterVersionMessage.swift */ = {isa = PBXFileReference; includeInIndex = 1; lastKnownFileType = sourcecode.swift; path = TransmitterVersionMessage.swift; sourceTree = "<group>"; };
		FB0ED7F4C52EF2B7DCF8DFFB /* G7DisplayType.swift */ = {isa = PBXFileReference; includeInIndex = 1; lastKnownFileType = sourcecode.swift; path = G7DisplayType.swift; sourceTree = "<group>"; };
		FDF477055052A701D95C9FAD /* G7ShareCredentials.swift */ = {isa = PBXFileReference; includeInIndex = 1; lastKnownFileType = sourcecode.swift; path = G7ShareCredentials.swift; sourceTree = "<group>"; };
/* End PBXFileReference section */

/* Begin PBXFrameworksBuildPhase section */
		C17F50C3291EAC3800555EB5 /* Frameworks */ = {
			isa = PBXFrameworksBuildPhase;
			buildActionMask = 2147483647;
			files = (
				3B0FD2A52D803BF100E5E921 /* LoopKitUI.framework in Frameworks */,
			);
			runOnlyForDeploymentPostprocessing = 0;
		};
		C17F50CB291EAC3800555EB5 /* Frameworks */ = {
			isa = PBXFrameworksBuildPhase;
			buildActionMask = 2147483647;
			files = (
				C17F50CF291EAC3800555EB5 /* G7SensorKit.framework in Frameworks */,
			);
			runOnlyForDeploymentPostprocessing = 0;
		};
		C17F50F5291EAC9100555EB5 /* Frameworks */ = {
			isa = PBXFrameworksBuildPhase;
			buildActionMask = 2147483647;
			files = (
				C17F514F291EB87600555EB5 /* G7SensorKit.framework in Frameworks */,
			);
			runOnlyForDeploymentPostprocessing = 0;
		};
		C17F511A291EACCD00555EB5 /* Frameworks */ = {
			isa = PBXFrameworksBuildPhase;
			buildActionMask = 2147483647;
			files = (
				C1409A0C291EC2F8006BE8D0 /* G7SensorKit.framework in Frameworks */,
				C1409A0F291EC2FB006BE8D0 /* G7SensorKitUI.framework in Frameworks */,
			);
			runOnlyForDeploymentPostprocessing = 0;
		};
/* End PBXFrameworksBuildPhase section */

/* Begin PBXGroup section */
		265A02BB0E88C34642D43EBD /* Share */ = {
			isa = PBXGroup;
			children = (
				FDF477055052A701D95C9FAD /* G7ShareCredentials.swift */,
				1F6E1168130AAC43E96B4723 /* G7ShareClient.swift */,
				641A515C9511A961C9C88318 /* G7ShareUploader.swift */,
			);
			name = Share;
			path = Share;
			sourceTree = "<group>";
		};
		916AA24FF5580EF7EF04D7B5 /* Crypto */ = {
			isa = PBXGroup;
			children = (
				7B28BDB6307B48D8B1DA03E3 /* G7BigUInt.swift */,
				081992BE86DC6126B0151B4F /* G7P256.swift */,
				6C50AD3678079467EE110CD1 /* G7AES.swift */,
				B1A771C4DCFFA924E278E352 /* G7ChallengeSigner.swift */,
				31D1424E75ED6303B966EF89 /* G7DexcomCredentials.swift */,
				63E50F6710E2494A0E14A6D8 /* G7JPAKE.swift */,
				324F8C967DDB24EB158A1A45 /* G7PCert.swift */,
			);
			name = Crypto;
			path = Crypto;
			sourceTree = "<group>";
		};
		99878E3FDAD9DC23C298BD37 /* Calibration */ = {
			isa = PBXGroup;
			children = (
				D820703F56DC84E12221E63A /* G7CalibrationFlowView.swift */,
			);
			name = Calibration;
			path = Calibration;
			sourceTree = "<group>";
		};
		A83C615FDD5582DDDBD42526 /* Share */ = {
			isa = PBXGroup;
			children = (
				5BD28E35C047C73E1EC8AE73 /* G7ShareFollowersView.swift */,
				01B1A199C4CD5420A75C58E4 /* G7ShareSignInView.swift */,
			);
			name = Share;
			path = Share;
			sourceTree = "<group>";
		};
		B85965DB1CB0331072FFC730 /* Onboarding */ = {
			isa = PBXGroup;
			children = (
				11ED0ADBD1E5197198A0B215 /* G7DexcomAppWarningView.swift */,
				854B2FDB6A6325716E4FD46D /* G7EnterCodeView.swift */,
				A56525F710EBD017C3949A51 /* G7PackageScannerView.swift */,
				846E1ADD7624F7057E63E28C /* G7PairingSuccessView.swift */,
				BF7CEC5E1884364C2F6DCCF4 /* G7PairingView.swift */,
				090FCA4FBE539EA494492C16 /* G7StartupView.swift */,
				1AAC94118FFDBD4B3850EE26 /* G7ApplySensorView.swift */,
				F2A62D050A4DCCED5F4A51F9 /* G7AlertsFromLoopView.swift */,
				F3BAC6D6BA20FCF904FA1465 /* G7NotificationPermissionsView.swift */,
			);
			name = Onboarding;
			path = Onboarding;
			sourceTree = "<group>";
		};
		C17F50BC291EAC3800555EB5 = {
			isa = PBXGroup;
			children = (
				C17F5136291EB07F00555EB5 /* Common */,
				C17F50C8291EAC3800555EB5 /* G7SensorKit */,
				C17F50D2291EAC3800555EB5 /* G7SensorKitTests */,
				C17F50F9291EAC9100555EB5 /* G7SensorKitUI */,
				C17F511E291EACCD00555EB5 /* G7SensorPlugin */,
				C17F50C7291EAC3800555EB5 /* Products */,
				C17F5128291EAFA100555EB5 /* Frameworks */,
			);
			sourceTree = "<group>";
		};
		C17F50C7291EAC3800555EB5 /* Products */ = {
			isa = PBXGroup;
			children = (
				C17F50C6291EAC3800555EB5 /* G7SensorKit.framework */,
				C17F50CE291EAC3800555EB5 /* G7SensorKitTests.xctest */,
				C17F50F8291EAC9100555EB5 /* G7SensorKitUI.framework */,
				C17F511D291EACCD00555EB5 /* G7SensorPlugin.loopplugin */,
			);
			name = Products;
			sourceTree = "<group>";
		};
		C17F50C8291EAC3800555EB5 /* G7SensorKit */ = {
			isa = PBXGroup;
			children = (
				B66D1F6C2E6A803800471149 /* Localizable.xcstrings */,
				C17F513D291EB1A500555EB5 /* BluetoothServices.swift */,
				C17F514C291EB79E00555EB5 /* AlgorithmError.swift */,
				C17F5134291EB06A00555EB5 /* AlgorithmState.swift */,
				C17F5144291EB45900555EB5 /* CBPeripheral.swift */,
				C17F50DE291EAC6500555EB5 /* G7CGMManager */,
				C17F50C9291EAC3800555EB5 /* G7SensorKit.h */,
				C17F5139291EB0D900555EB5 /* GlucoseLimits.swift */,
				C17F5141291EB34800555EB5 /* Messages */,
				C1409A08291EC22F006BE8D0 /* OSLog.swift */,
				916AA24FF5580EF7EF04D7B5 /* Crypto */,
				EB2C6BB0C231173F9D111A4B /* Pairing */,
				265A02BB0E88C34642D43EBD /* Share */,
			);
			path = G7SensorKit;
			sourceTree = "<group>";
		};
		C17F50D2291EAC3800555EB5 /* G7SensorKitTests */ = {
			isa = PBXGroup;
			children = (
				C10760802F05B412008B2B39 /* ExtendedVersionMessageTests.swift */,
				C17F50D3291EAC3800555EB5 /* G7SensorKitTests.swift */,
				C109F14B291ED66F008EA5B6 /* G7GlucoseMessageTests.swift */,
				C1D0C0DE2F0700020000CAFE /* G7CGMManagerTests.swift */,
				8990966223D8FEFF85D5D535 /* G7BigUIntTests.swift */,
				64134474341A32F8DFDA266F /* G7P256Tests.swift */,
				94A7A4E8FF66BE03B02B2E01 /* G7AuthCryptoTests.swift */,
				6888359A74F9F636FBDCA8BB /* G7JPAKETests.swift */,
				588CB2A449236A6A47F4579B /* G7SessionModeMigrationTests.swift */,
				742542EDF25C573BA2E8B09A /* G7AdvertisementTests.swift */,
				21F6EDAE3E7F2B5FF3E87922 /* G7PairingPlannerTests.swift */,
				43AE2890ABEAE0FB78B276F1 /* G7SensorPackageTests.swift */,
				724358361262BEA3A8F375AA /* G7LifecycleAlertTests.swift */,
				9491D07D366D9B6E1486F1F6 /* TransmitterVersionMessageTests.swift */,
				8DDCCED9AACFF7A7EF879459 /* G7CalibrationTests.swift */,
				BA54130B258935826428FB7C /* G7ShareTests.swift */,
			);
			path = G7SensorKitTests;
			sourceTree = "<group>";
		};
		C17F50DE291EAC6500555EB5 /* G7CGMManager */ = {
			isa = PBXGroup;
			children = (
				C17F50DF291EAC6500555EB5 /* G7BackfillMessage.swift */,
				C17F50E7291EAC6500555EB5 /* G7BluetoothManager.swift */,
				C17F50E5291EAC6500555EB5 /* G7CGMManager.swift */,
				C17F50E6291EAC6500555EB5 /* G7CGMManagerState.swift */,
				C17F50E0291EAC6500555EB5 /* G7DeviceStatus.swift */,
				C17F50E2291EAC6500555EB5 /* G7LastReading.swift */,
				C17F50E4291EAC6500555EB5 /* G7PeripheralManager.swift */,
				C17F50E1291EAC6500555EB5 /* G7Sensor.swift */,
				899E19256E3224A54FA35AD8 /* G7Authenticator.swift */,
				6180916611D0990A46355025 /* G7PeripheralManager+Handshake.swift */,
				4CAA6FF14E0E9C16A25FD3B6 /* G7SessionMode.swift */,
				0BAFBA741A5D33EDA31E9122 /* G7LifecycleAlert.swift */,
				2A301AE5854C83E5BD9C6539 /* G7SensorModel.swift */,
				9F9BEFF95BF6608CE8B1A7B2 /* G7SensorRecord.swift */,
				8BA8EE3244D1FE42461E792D /* G7CalibrationRecord.swift */,
			);
			path = G7CGMManager;
			sourceTree = "<group>";
		};
		C17F50F9291EAC9100555EB5 /* G7SensorKitUI */ = {
			isa = PBXGroup;
			children = (
				B66D1F6E2E6A803800471149 /* Localizable.xcstrings */,
				C1E7171E292D84B500DA646F /* Views */,
				C109F149291ECCE2008EA5B6 /* Assets.xcassets */,
				C17F5154291EBD7100555EB5 /* Extensions */,
				C17F50FF291EAC9D00555EB5 /* G7CGMManager */,
				C17F50FA291EAC9100555EB5 /* G7SensorKitUI.h */,
				C17F5126291EAF2F00555EB5 /* OSLog.swift */,
				C19C9F4D29C91C4C00A6D3D0 /* LocalizedString.swift */,
				ED8667803A1805893E8701B7 /* G7DexcomApp.swift */,
				E54DEC336F7D9CB4EC087ADF /* ViewModels */,
			);
			path = G7SensorKitUI;
			sourceTree = "<group>";
		};
		C17F50FF291EAC9D00555EB5 /* G7CGMManager */ = {
			isa = PBXGroup;
			children = (
				C17F5103291EAC9D00555EB5 /* G7CGMManager+UI.swift */,
				C17F5104291EAC9D00555EB5 /* G7UICoordinator.swift */,
			);
			path = G7CGMManager;
			sourceTree = "<group>";
		};
		C17F511E291EACCD00555EB5 /* G7SensorPlugin */ = {
			isa = PBXGroup;
			children = (
				C17F511F291EACCD00555EB5 /* G7SensorPlugin.h */,
				C17F5124291EACE400555EB5 /* G7SensorPlugin.swift */,
				C17F5158291EBE7500555EB5 /* Info.plist */,
				C1409A0A291EC258006BE8D0 /* OSLog.swift */,
			);
			path = G7SensorPlugin;
			sourceTree = "<group>";
		};
		C17F5128291EAFA100555EB5 /* Frameworks */ = {
			isa = PBXGroup;
			children = (
				3B0FD2A42D803BF000E5E921 /* LoopKitUI.framework */,
			);
			name = Frameworks;
			sourceTree = "<group>";
		};
		C17F5136291EB07F00555EB5 /* Common */ = {
			isa = PBXGroup;
			children = (
				C17F5137291EB0A800555EB5 /* Data.swift */,
				C17F5148291EB6B600555EB5 /* LocalizedString.swift */,
				C17F513B291EB13D00555EB5 /* Locked.swift */,
				C17F513F291EB27D00555EB5 /* TimeInterval.swift */,
			);
			path = Common;
			sourceTree = "<group>";
		};
		C17F5141291EB34800555EB5 /* Messages */ = {
			isa = PBXGroup;
			children = (
				C107607E2F05912B008B2B39 /* ExtendedVersionMessage.swift */,
				C17F50E3291EAC6500555EB5 /* G7Opcode.swift */,
				C17F5146291EB57700555EB5 /* SensorMessage.swift */,
				C17F50E8291EAC6500555EB5 /* G7GlucoseMessage.swift */,
				C17F5142291EB36700555EB5 /* AuthChallengeRxMessage.swift */,
				F5018527436D26E887380354 /* TransmitterVersionMessage.swift */,
				DF238DACCD930310363D3EB5 /* G7CalibrationMessage.swift */,
				FB0ED7F4C52EF2B7DCF8DFFB /* G7DisplayType.swift */,
			);
			path = Messages;
			sourceTree = "<group>";
		};
		C17F5154291EBD7100555EB5 /* Extensions */ = {
			isa = PBXGroup;
			children = (
				B60BB2E32BC649DA00D2BB39 /* Bundle.swift */,
				C17F5155291EBD8600555EB5 /* Image.swift */,
				B1DE9588AA9650F31A029AC0 /* G7SensorModel+Image.swift */,
			);
			path = Extensions;
			sourceTree = "<group>";
		};
		C1E7171E292D84B500DA646F /* Views */ = {
			isa = PBXGroup;
			children = (
				C17F5102291EAC9D00555EB5 /* G7SettingsView.swift */,
				C17F5100291EAC9D00555EB5 /* G7SettingsViewModel.swift */,
				C1E7171F292D84FE00DA646F /* G7ProgressBarState.swift */,
				B85965DB1CB0331072FFC730 /* Onboarding */,
				7244B8E7EFF1898AF50B85EB /* G7LifecycleBar.swift */,
				4A3F076AE2157B22DE43B91A /* G7PreviousSensorView.swift */,
				99878E3FDAD9DC23C298BD37 /* Calibration */,
				A83C615FDD5582DDDBD42526 /* Share */,
			);
			path = Views;
			sourceTree = "<group>";
		};
		E54DEC336F7D9CB4EC087ADF /* ViewModels */ = {
			isa = PBXGroup;
			children = (
				72D3DBE7E0F724F99BFB7BC0 /* G7PairingViewModel.swift */,
			);
			name = ViewModels;
			path = ViewModels;
			sourceTree = "<group>";
		};
		EB2C6BB0C231173F9D111A4B /* Pairing */ = {
			isa = PBXGroup;
			children = (
				14C635B2D3F90E42F5907A39 /* G7Advertisement.swift */,
				7028829033065F083529D6A8 /* G7PairingPlanner.swift */,
				EADB2921131FCF7BE4BAAA78 /* G7SensorPackage.swift */,
				E4C17FD748A65DD33BE4B62E /* G7PairingService.swift */,
			);
			name = Pairing;
			path = Pairing;
			sourceTree = "<group>";
		};
/* End PBXGroup section */

/* Begin PBXHeadersBuildPhase section */
		C17F50C1291EAC3800555EB5 /* Headers */ = {
			isa = PBXHeadersBuildPhase;
			buildActionMask = 2147483647;
			files = (
				C17F50D5291EAC3800555EB5 /* G7SensorKit.h in Headers */,
			);
			runOnlyForDeploymentPostprocessing = 0;
		};
		C17F50F3291EAC9100555EB5 /* Headers */ = {
			isa = PBXHeadersBuildPhase;
			buildActionMask = 2147483647;
			files = (
				C17F50FB291EAC9100555EB5 /* G7SensorKitUI.h in Headers */,
			);
			runOnlyForDeploymentPostprocessing = 0;
		};
		C17F5118291EACCD00555EB5 /* Headers */ = {
			isa = PBXHeadersBuildPhase;
			buildActionMask = 2147483647;
			files = (
				C17F5120291EACCD00555EB5 /* G7SensorPlugin.h in Headers */,
			);
			runOnlyForDeploymentPostprocessing = 0;
		};
/* End PBXHeadersBuildPhase section */

/* Begin PBXNativeTarget section */
		C17F50C5291EAC3800555EB5 /* G7SensorKit */ = {
			isa = PBXNativeTarget;
			buildConfigurationList = C17F50D8291EAC3800555EB5 /* Build configuration list for PBXNativeTarget "G7SensorKit" */;
			buildPhases = (
				C17F50C1291EAC3800555EB5 /* Headers */,
				C17F50C2291EAC3800555EB5 /* Sources */,
				C17F50C3291EAC3800555EB5 /* Frameworks */,
				C17F50C4291EAC3800555EB5 /* Resources */,
			);
			buildRules = (
			);
			dependencies = (
			);
			name = G7SensorKit;
			productName = G7SensorKit;
			productReference = C17F50C6291EAC3800555EB5 /* G7SensorKit.framework */;
			productType = "com.apple.product-type.framework";
		};
		C17F50CD291EAC3800555EB5 /* G7SensorKitTests */ = {
			isa = PBXNativeTarget;
			buildConfigurationList = C17F50DB291EAC3800555EB5 /* Build configuration list for PBXNativeTarget "G7SensorKitTests" */;
			buildPhases = (
				C17F50CA291EAC3800555EB5 /* Sources */,
				C17F50CB291EAC3800555EB5 /* Frameworks */,
				C17F50CC291EAC3800555EB5 /* Resources */,
			);
			buildRules = (
			);
			dependencies = (
				C17F50D1291EAC3800555EB5 /* PBXTargetDependency */,
			);
			name = G7SensorKitTests;
			productName = G7SensorKitTests;
			productReference = C17F50CE291EAC3800555EB5 /* G7SensorKitTests.xctest */;
			productType = "com.apple.product-type.bundle.unit-test";
		};
		C17F50F7291EAC9100555EB5 /* G7SensorKitUI */ = {
			isa = PBXNativeTarget;
			buildConfigurationList = C17F50FC291EAC9100555EB5 /* Build configuration list for PBXNativeTarget "G7SensorKitUI" */;
			buildPhases = (
				C17F50F3291EAC9100555EB5 /* Headers */,
				C17F50F4291EAC9100555EB5 /* Sources */,
				C17F50F5291EAC9100555EB5 /* Frameworks */,
				C17F50F6291EAC9100555EB5 /* Resources */,
			);
			buildRules = (
			);
			dependencies = (
				C17F5152291EB87600555EB5 /* PBXTargetDependency */,
			);
			name = G7SensorKitUI;
			productName = G7SensorKitUI;
			productReference = C17F50F8291EAC9100555EB5 /* G7SensorKitUI.framework */;
			productType = "com.apple.product-type.framework";
		};
		C17F511C291EACCD00555EB5 /* G7SensorPlugin */ = {
			isa = PBXNativeTarget;
			buildConfigurationList = C17F5121291EACCD00555EB5 /* Build configuration list for PBXNativeTarget "G7SensorPlugin" */;
			buildPhases = (
				C17F5118291EACCD00555EB5 /* Headers */,
				C17F5119291EACCD00555EB5 /* Sources */,
				C17F511A291EACCD00555EB5 /* Frameworks */,
				C17F511B291EACCD00555EB5 /* Resources */,
				C1409A0E291EC2F8006BE8D0 /* Embed Frameworks */,
			);
			buildRules = (
			);
			dependencies = (
				C17F512C291EAFA100555EB5 /* PBXTargetDependency */,
				C17F5130291EAFA100555EB5 /* PBXTargetDependency */,
			);
			name = G7SensorPlugin;
			productName = G7SensorPlugin;
			productReference = C17F511D291EACCD00555EB5 /* G7SensorPlugin.loopplugin */;
			productType = "com.apple.product-type.framework";
		};
/* End PBXNativeTarget section */

/* Begin PBXProject section */
		C17F50BD291EAC3800555EB5 /* Project object */ = {
			isa = PBXProject;
			attributes = {
				BuildIndependentTargetsInParallel = 1;
				LastSwiftUpdateCheck = 1410;
				LastUpgradeCheck = 1410;
				ORGANIZATIONNAME = "LoopKit Authors";
				TargetAttributes = {
					C17F50C5291EAC3800555EB5 = {
						CreatedOnToolsVersion = 14.1;
					};
					C17F50CD291EAC3800555EB5 = {
						CreatedOnToolsVersion = 14.1;
					};
					C17F50F7291EAC9100555EB5 = {
						CreatedOnToolsVersion = 14.1;
					};
					C17F511C291EACCD00555EB5 = {
						CreatedOnToolsVersion = 14.1;
						LastSwiftMigration = 1410;
					};
				};
			};
			buildConfigurationList = C17F50C0291EAC3800555EB5 /* Build configuration list for PBXProject "G7SensorKit" */;
			compatibilityVersion = "Xcode 14.0";
			developmentRegion = en;
			hasScannedForEncodings = 0;
			knownRegions = (
				en,
				Base,
				es,
				nb,
				it,
				fr,
				nl,
				de,
				ar,
				"zh-Hans",
				da,
				fi,
				he,
				ja,
				pl,
				"pt-BR",
				ro,
				ru,
				sv,
				tr,
				vi,
				sk,
				cs,
				hu,
				uk,
				ko,
			);
			mainGroup = C17F50BC291EAC3800555EB5;
			productRefGroup = C17F50C7291EAC3800555EB5 /* Products */;
			projectDirPath = "";
			projectRoot = "";
			targets = (
				C17F50C5291EAC3800555EB5 /* G7SensorKit */,
				C17F50CD291EAC3800555EB5 /* G7SensorKitTests */,
				C17F50F7291EAC9100555EB5 /* G7SensorKitUI */,
				C17F511C291EACCD00555EB5 /* G7SensorPlugin */,
			);
		};
/* End PBXProject section */

/* Begin PBXResourcesBuildPhase section */
		C17F50C4291EAC3800555EB5 /* Resources */ = {
			isa = PBXResourcesBuildPhase;
			buildActionMask = 2147483647;
			files = (
				B66D1F6D2E6A803800471149 /* Localizable.xcstrings in Resources */,
			);
			runOnlyForDeploymentPostprocessing = 0;
		};
		C17F50CC291EAC3800555EB5 /* Resources */ = {
			isa = PBXResourcesBuildPhase;
			buildActionMask = 2147483647;
			files = (
			);
			runOnlyForDeploymentPostprocessing = 0;
		};
		C17F50F6291EAC9100555EB5 /* Resources */ = {
			isa = PBXResourcesBuildPhase;
			buildActionMask = 2147483647;
			files = (
				C109F14A291ECCE2008EA5B6 /* Assets.xcassets in Resources */,
				B66D1F6F2E6A803800471149 /* Localizable.xcstrings in Resources */,
			);
			runOnlyForDeploymentPostprocessing = 0;
		};
		C17F511B291EACCD00555EB5 /* Resources */ = {
			isa = PBXResourcesBuildPhase;
			buildActionMask = 2147483647;
			files = (
			);
			runOnlyForDeploymentPostprocessing = 0;
		};
/* End PBXResourcesBuildPhase section */

/* Begin PBXSourcesBuildPhase section */
		C17F50C2291EAC3800555EB5 /* Sources */ = {
			isa = PBXSourcesBuildPhase;
			buildActionMask = 2147483647;
			files = (
				C17F50EF291EAC6500555EB5 /* G7CGMManager.swift in Sources */,
				C17F5147291EB57700555EB5 /* SensorMessage.swift in Sources */,
				C17F50E9291EAC6500555EB5 /* G7BackfillMessage.swift in Sources */,
				C17F50ED291EAC6500555EB5 /* G7Opcode.swift in Sources */,
				C17F5140291EB27D00555EB5 /* TimeInterval.swift in Sources */,
				C17F50F0291EAC6500555EB5 /* G7CGMManagerState.swift in Sources */,
				C17F5145291EB45900555EB5 /* CBPeripheral.swift in Sources */,
				C107607F2F059130008B2B39 /* ExtendedVersionMessage.swift in Sources */,
				C17F513A291EB0D900555EB5 /* GlucoseLimits.swift in Sources */,
				C17F5143291EB36700555EB5 /* AuthChallengeRxMessage.swift in Sources */,
				C17F50EA291EAC6500555EB5 /* G7DeviceStatus.swift in Sources */,
				C1409A09291EC22F006BE8D0 /* OSLog.swift in Sources */,
				C17F5135291EB06A00555EB5 /* AlgorithmState.swift in Sources */,
				C17F50F1291EAC6500555EB5 /* G7BluetoothManager.swift in Sources */,
				C17F5138291EB0A800555EB5 /* Data.swift in Sources */,
				C17F50EC291EAC6500555EB5 /* G7LastReading.swift in Sources */,
				C17F513C291EB13D00555EB5 /* Locked.swift in Sources */,
				C17F513E291EB1A500555EB5 /* BluetoothServices.swift in Sources */,
				C17F5149291EB6B600555EB5 /* LocalizedString.swift in Sources */,
				C17F514D291EB79E00555EB5 /* AlgorithmError.swift in Sources */,
				C17F50EB291EAC6500555EB5 /* G7Sensor.swift in Sources */,
				C17F50F2291EAC6500555EB5 /* G7GlucoseMessage.swift in Sources */,
				C17F50EE291EAC6500555EB5 /* G7PeripheralManager.swift in Sources */,
				23C825825ED9241FDEE8B666 /* G7BigUInt.swift in Sources */,
				49563257D2DEE29AABBFEC7D /* G7P256.swift in Sources */,
				2ED1C8E18DD717A8FB98CD3C /* G7AES.swift in Sources */,
				EE80FBB62E9FF65D5946BBD7 /* G7ChallengeSigner.swift in Sources */,
				70DD3285A1241531F66439E3 /* G7DexcomCredentials.swift in Sources */,
				8BB9F821830FA00C1939FFE3 /* G7JPAKE.swift in Sources */,
				E18DCCF3754672CBF129B139 /* G7PCert.swift in Sources */,
				576A7AA8FC9457FE0F540A86 /* G7Authenticator.swift in Sources */,
				74F6EF71F734A96B0DB47F52 /* G7PeripheralManager+Handshake.swift in Sources */,
				B139368E33ED6ED8694408FC /* G7SessionMode.swift in Sources */,
				CF8E76B21D92A5ED046EBA26 /* G7Advertisement.swift in Sources */,
				DDCA164A5054CBE3AF748726 /* G7PairingPlanner.swift in Sources */,
				E654B56A0D3A74C9199EE1B7 /* G7SensorPackage.swift in Sources */,
				2C8F7D1C21CDF25E11497035 /* G7PairingService.swift in Sources */,
				3C0E7E072DEBAD9E27C4E3E8 /* G7LifecycleAlert.swift in Sources */,
				0BE316E9E980C04C39842D94 /* G7SensorModel.swift in Sources */,
				149BC17BD2172421ABE67CD5 /* TransmitterVersionMessage.swift in Sources */,
				14BC59D876A3473596F29B02 /* G7SensorRecord.swift in Sources */,
				D3CEBAE892F7B88160295F5F /* G7CalibrationRecord.swift in Sources */,
				FD0DF29C00B05DECD53A4E2C /* G7CalibrationMessage.swift in Sources */,
				3EDC19C8067352F7FBC21C26 /* G7DisplayType.swift in Sources */,
				DCA90BB5CD02D44CB4B9C56E /* G7ShareCredentials.swift in Sources */,
				E27AD9A53440FCF6DE60C086 /* G7ShareClient.swift in Sources */,
				DC2AF055A5745BBE1CA98CA4 /* G7ShareUploader.swift in Sources */,
			);
			runOnlyForDeploymentPostprocessing = 0;
		};
		C17F50CA291EAC3800555EB5 /* Sources */ = {
			isa = PBXSourcesBuildPhase;
			buildActionMask = 2147483647;
			files = (
				C109F14C291ED66F008EA5B6 /* G7GlucoseMessageTests.swift in Sources */,
				C1D0C0DE2F0700010000CAFE /* G7CGMManagerTests.swift in Sources */,
				C10760812F05B41B008B2B39 /* ExtendedVersionMessageTests.swift in Sources */,
				C17F50D4291EAC3800555EB5 /* G7SensorKitTests.swift in Sources */,
				A3C2FD34AC1FB93C9DE1A066 /* G7BigUIntTests.swift in Sources */,
				8C80F065A36E33C97219C570 /* G7P256Tests.swift in Sources */,
				F998BB980898C160A2440473 /* G7AuthCryptoTests.swift in Sources */,
				F5F8174E48028D9B111B8C59 /* G7JPAKETests.swift in Sources */,
				D3DA1DF230DBADA4CB37F401 /* G7SessionModeMigrationTests.swift in Sources */,
				D2F6C2D8999636C3D4F31DB1 /* G7AdvertisementTests.swift in Sources */,
				97F1FB097E42B4F376FA206F /* G7PairingPlannerTests.swift in Sources */,
				0F2F5FD6CB203E12707A95F0 /* G7SensorPackageTests.swift in Sources */,
				AEF5658ACA06903991663159 /* G7LifecycleAlertTests.swift in Sources */,
				1689B0403302877CE35C8BF3 /* TransmitterVersionMessageTests.swift in Sources */,
				EA756ED51BB567AB19020B47 /* G7CalibrationTests.swift in Sources */,
				6F0232BD04ED7FD3626E0D52 /* G7ShareTests.swift in Sources */,
			);
			runOnlyForDeploymentPostprocessing = 0;
		};
		C17F50F4291EAC9100555EB5 /* Sources */ = {
			isa = PBXSourcesBuildPhase;
			buildActionMask = 2147483647;
			files = (
				C17F5108291EAC9D00555EB5 /* G7SettingsView.swift in Sources */,
				B60BB2E42BC649DA00D2BB39 /* Bundle.swift in Sources */,
				C17F5157291EBD9900555EB5 /* TimeInterval.swift in Sources */,
				C19C9F4E29C91C4C00A6D3D0 /* LocalizedString.swift in Sources */,
				C17F5156291EBD8600555EB5 /* Image.swift in Sources */,
				C1409A07291EC21C006BE8D0 /* OSLog.swift in Sources */,
				C17F510A291EAC9D00555EB5 /* G7UICoordinator.swift in Sources */,
				C17F5109291EAC9D00555EB5 /* G7CGMManager+UI.swift in Sources */,
				C1E71720292D84FE00DA646F /* G7ProgressBarState.swift in Sources */,
				C17F5106291EAC9D00555EB5 /* G7SettingsViewModel.swift in Sources */,
				C068D4AE8B0154298062E34C /* G7DexcomApp.swift in Sources */,
				58C2B6119E4710D970C3AB5D /* G7PairingViewModel.swift in Sources */,
				69AE26EEA16A596AA47DF83A /* G7DexcomAppWarningView.swift in Sources */,
				64F873CAFE778918BD2F749A /* G7EnterCodeView.swift in Sources */,
				A49D784AE6D465FF59F20CA7 /* G7PackageScannerView.swift in Sources */,
				2A6FED527A83B3BFB84624E3 /* G7PairingSuccessView.swift in Sources */,
				77A93A0B05D5ADEDF217770B /* G7PairingView.swift in Sources */,
				72A6F9D68F93AE44814C3C3D /* G7StartupView.swift in Sources */,
				79901713849AC6091E281008 /* G7ApplySensorView.swift in Sources */,
				276A1D9AF75BA8A64DA82CC0 /* G7SensorModel+Image.swift in Sources */,
				3105BF303A53E64B9C14C4DE /* G7LifecycleBar.swift in Sources */,
				310BA65F04D790184F86A2AF /* G7PreviousSensorView.swift in Sources */,
				0C557E84497DE72C92503098 /* G7AlertsFromLoopView.swift in Sources */,
				EF41639FF51B727324A04A49 /* G7NotificationPermissionsView.swift in Sources */,
				86DE2F2A3F8F5B73AFED5E75 /* G7CalibrationFlowView.swift in Sources */,
				07C6427E5068FF4C00B4ACE7 /* G7ShareFollowersView.swift in Sources */,
				33D21C38F39F73BCDFCFC0C5 /* G7ShareSignInView.swift in Sources */,
			);
			runOnlyForDeploymentPostprocessing = 0;
		};
		C17F5119291EACCD00555EB5 /* Sources */ = {
			isa = PBXSourcesBuildPhase;
			buildActionMask = 2147483647;
			files = (
				C1409A0B291EC258006BE8D0 /* OSLog.swift in Sources */,
				C17F5125291EACE400555EB5 /* G7SensorPlugin.swift in Sources */,
			);
			runOnlyForDeploymentPostprocessing = 0;
		};
/* End PBXSourcesBuildPhase section */

/* Begin PBXTargetDependency section */
		C17F50D1291EAC3800555EB5 /* PBXTargetDependency */ = {
			isa = PBXTargetDependency;
			target = C17F50C5291EAC3800555EB5 /* G7SensorKit */;
			targetProxy = C17F50D0291EAC3800555EB5 /* PBXContainerItemProxy */;
		};
		C17F512C291EAFA100555EB5 /* PBXTargetDependency */ = {
			isa = PBXTargetDependency;
			target = C17F50C5291EAC3800555EB5 /* G7SensorKit */;
			targetProxy = C17F512B291EAFA100555EB5 /* PBXContainerItemProxy */;
		};
		C17F5130291EAFA100555EB5 /* PBXTargetDependency */ = {
			isa = PBXTargetDependency;
			target = C17F50F7291EAC9100555EB5 /* G7SensorKitUI */;
			targetProxy = C17F512F291EAFA100555EB5 /* PBXContainerItemProxy */;
		};
		C17F5152291EB87600555EB5 /* PBXTargetDependency */ = {
			isa = PBXTargetDependency;
			target = C17F50C5291EAC3800555EB5 /* G7SensorKit */;
			targetProxy = C17F5151291EB87600555EB5 /* PBXContainerItemProxy */;
		};
/* End PBXTargetDependency section */

/* Begin XCBuildConfiguration section */
		C17F50D6291EAC3800555EB5 /* Debug */ = {
			isa = XCBuildConfiguration;
			buildSettings = {
				ALWAYS_SEARCH_USER_PATHS = NO;
				CLANG_ANALYZER_NONNULL = YES;
				CLANG_ANALYZER_NUMBER_OBJECT_CONVERSION = YES_AGGRESSIVE;
				CLANG_CXX_LANGUAGE_STANDARD = "gnu++20";
				CLANG_ENABLE_MODULES = YES;
				CLANG_ENABLE_OBJC_ARC = YES;
				CLANG_ENABLE_OBJC_WEAK = YES;
				CLANG_WARN_BLOCK_CAPTURE_AUTORELEASING = YES;
				CLANG_WARN_BOOL_CONVERSION = YES;
				CLANG_WARN_COMMA = YES;
				CLANG_WARN_CONSTANT_CONVERSION = YES;
				CLANG_WARN_DEPRECATED_OBJC_IMPLEMENTATIONS = YES;
				CLANG_WARN_DIRECT_OBJC_ISA_USAGE = YES_ERROR;
				CLANG_WARN_DOCUMENTATION_COMMENTS = YES;
				CLANG_WARN_EMPTY_BODY = YES;
				CLANG_WARN_ENUM_CONVERSION = YES;
				CLANG_WARN_INFINITE_RECURSION = YES;
				CLANG_WARN_INT_CONVERSION = YES;
				CLANG_WARN_NON_LITERAL_NULL_CONVERSION = YES;
				CLANG_WARN_OBJC_IMPLICIT_RETAIN_SELF = YES;
				CLANG_WARN_OBJC_LITERAL_CONVERSION = YES;
				CLANG_WARN_OBJC_ROOT_CLASS = YES_ERROR;
				CLANG_WARN_QUOTED_INCLUDE_IN_FRAMEWORK_HEADER = YES;
				CLANG_WARN_RANGE_LOOP_ANALYSIS = YES;
				CLANG_WARN_STRICT_PROTOTYPES = YES;
				CLANG_WARN_SUSPICIOUS_MOVE = YES;
				CLANG_WARN_UNGUARDED_AVAILABILITY = YES_AGGRESSIVE;
				CLANG_WARN_UNREACHABLE_CODE = YES;
				CLANG_WARN__DUPLICATE_METHOD_MATCH = YES;
				COPY_PHASE_STRIP = NO;
				CURRENT_PROJECT_VERSION = 1;
				DEBUG_INFORMATION_FORMAT = dwarf;
				ENABLE_STRICT_OBJC_MSGSEND = YES;
				ENABLE_TESTABILITY = YES;
				GCC_C_LANGUAGE_STANDARD = gnu11;
				GCC_DYNAMIC_NO_PIC = NO;
				GCC_NO_COMMON_BLOCKS = YES;
				GCC_OPTIMIZATION_LEVEL = 0;
				GCC_PREPROCESSOR_DEFINITIONS = (
					"DEBUG=1",
					"$(inherited)",
				);
				GCC_WARN_64_TO_32_BIT_CONVERSION = YES;
				GCC_WARN_ABOUT_RETURN_TYPE = YES_ERROR;
				GCC_WARN_UNDECLARED_SELECTOR = YES;
				GCC_WARN_UNINITIALIZED_AUTOS = YES_AGGRESSIVE;
				GCC_WARN_UNUSED_FUNCTION = YES;
				GCC_WARN_UNUSED_VARIABLE = YES;
				IPHONEOS_DEPLOYMENT_TARGET = 17.6;
				LOCALIZATION_PREFERS_STRING_CATALOGS = YES;
				LOCALIZED_STRING_MACRO_NAMES = (
					NSLocalizedString,
					CFCopyLocalizedString,
					LocalizedString,
				);
				MTL_ENABLE_DEBUG_INFO = INCLUDE_SOURCE;
				MTL_FAST_MATH = YES;
				ONLY_ACTIVE_ARCH = YES;
				SWIFT_ACTIVE_COMPILATION_CONDITIONS = DEBUG;
				SWIFT_EMIT_LOC_STRINGS = YES;
				SWIFT_OPTIMIZATION_LEVEL = "-Onone";
				VERSIONING_SYSTEM = "apple-generic";
				VERSION_INFO_PREFIX = "";
			};
			name = Debug;
		};
		C17F50D7291EAC3800555EB5 /* Release */ = {
			isa = XCBuildConfiguration;
			buildSettings = {
				ALWAYS_SEARCH_USER_PATHS = NO;
				CLANG_ANALYZER_NONNULL = YES;
				CLANG_ANALYZER_NUMBER_OBJECT_CONVERSION = YES_AGGRESSIVE;
				CLANG_CXX_LANGUAGE_STANDARD = "gnu++20";
				CLANG_ENABLE_MODULES = YES;
				CLANG_ENABLE_OBJC_ARC = YES;
				CLANG_ENABLE_OBJC_WEAK = YES;
				CLANG_WARN_BLOCK_CAPTURE_AUTORELEASING = YES;
				CLANG_WARN_BOOL_CONVERSION = YES;
				CLANG_WARN_COMMA = YES;
				CLANG_WARN_CONSTANT_CONVERSION = YES;
				CLANG_WARN_DEPRECATED_OBJC_IMPLEMENTATIONS = YES;
				CLANG_WARN_DIRECT_OBJC_ISA_USAGE = YES_ERROR;
				CLANG_WARN_DOCUMENTATION_COMMENTS = YES;
				CLANG_WARN_EMPTY_BODY = YES;
				CLANG_WARN_ENUM_CONVERSION = YES;
				CLANG_WARN_INFINITE_RECURSION = YES;
				CLANG_WARN_INT_CONVERSION = YES;
				CLANG_WARN_NON_LITERAL_NULL_CONVERSION = YES;
				CLANG_WARN_OBJC_IMPLICIT_RETAIN_SELF = YES;
				CLANG_WARN_OBJC_LITERAL_CONVERSION = YES;
				CLANG_WARN_OBJC_ROOT_CLASS = YES_ERROR;
				CLANG_WARN_QUOTED_INCLUDE_IN_FRAMEWORK_HEADER = YES;
				CLANG_WARN_RANGE_LOOP_ANALYSIS = YES;
				CLANG_WARN_STRICT_PROTOTYPES = YES;
				CLANG_WARN_SUSPICIOUS_MOVE = YES;
				CLANG_WARN_UNGUARDED_AVAILABILITY = YES_AGGRESSIVE;
				CLANG_WARN_UNREACHABLE_CODE = YES;
				CLANG_WARN__DUPLICATE_METHOD_MATCH = YES;
				COPY_PHASE_STRIP = NO;
				CURRENT_PROJECT_VERSION = 1;
				DEBUG_INFORMATION_FORMAT = "dwarf-with-dsym";
				ENABLE_NS_ASSERTIONS = NO;
				ENABLE_STRICT_OBJC_MSGSEND = YES;
				GCC_C_LANGUAGE_STANDARD = gnu11;
				GCC_NO_COMMON_BLOCKS = YES;
				GCC_WARN_64_TO_32_BIT_CONVERSION = YES;
				GCC_WARN_ABOUT_RETURN_TYPE = YES_ERROR;
				GCC_WARN_UNDECLARED_SELECTOR = YES;
				GCC_WARN_UNINITIALIZED_AUTOS = YES_AGGRESSIVE;
				GCC_WARN_UNUSED_FUNCTION = YES;
				GCC_WARN_UNUSED_VARIABLE = YES;
				IPHONEOS_DEPLOYMENT_TARGET = 17.6;
				LOCALIZATION_PREFERS_STRING_CATALOGS = YES;
				LOCALIZED_STRING_MACRO_NAMES = (
					NSLocalizedString,
					CFCopyLocalizedString,
					LocalizedString,
				);
				MTL_ENABLE_DEBUG_INFO = NO;
				MTL_FAST_MATH = YES;
				SWIFT_COMPILATION_MODE = wholemodule;
				SWIFT_EMIT_LOC_STRINGS = YES;
				SWIFT_OPTIMIZATION_LEVEL = "-O";
				VERSIONING_SYSTEM = "apple-generic";
				VERSION_INFO_PREFIX = "";
			};
			name = Release;
		};
		C17F50D9291EAC3800555EB5 /* Debug */ = {
			isa = XCBuildConfiguration;
			buildSettings = {
				CODE_SIGN_STYLE = Automatic;
				CURRENT_PROJECT_VERSION = 1;
				DEFINES_MODULE = YES;
				DEVELOPMENT_TEAM = "";
				DYLIB_COMPATIBILITY_VERSION = 1;
				DYLIB_CURRENT_VERSION = 1;
				DYLIB_INSTALL_NAME_BASE = "@rpath";
				GENERATE_INFOPLIST_FILE = YES;
				INFOPLIST_KEY_NSHumanReadableCopyright = "";
				INSTALL_PATH = "$(LOCAL_LIBRARY_DIR)/Frameworks";
				LD_RUNPATH_SEARCH_PATHS = (
					"@executable_path/Frameworks",
					"@loader_path/Frameworks",
				);
				"LD_RUNPATH_SEARCH_PATHS[sdk=macosx*]" = (
					"@executable_path/../Frameworks",
					"@loader_path/Frameworks",
				);
				MACOSX_DEPLOYMENT_TARGET = 12.6;
				MARKETING_VERSION = 1.0;
				PRODUCT_BUNDLE_IDENTIFIER = org.loopkit.G7SensorKit;
				PRODUCT_NAME = "$(TARGET_NAME:c99extidentifier)";
				SDKROOT = auto;
				SKIP_INSTALL = YES;
				SUPPORTED_PLATFORMS = "iphoneos iphonesimulator";
				SUPPORTS_MACCATALYST = NO;
				SUPPORTS_MAC_DESIGNED_FOR_IPHONE_IPAD = NO;
				SWIFT_EMIT_LOC_STRINGS = YES;
				SWIFT_VERSION = 5.0;
				TARGETED_DEVICE_FAMILY = 1;
			};
			name = Debug;
		};
		C17F50DA291EAC3800555EB5 /* Release */ = {
			isa = XCBuildConfiguration;
			buildSettings = {
				CODE_SIGN_STYLE = Automatic;
				CURRENT_PROJECT_VERSION = 1;
				DEFINES_MODULE = YES;
				DEVELOPMENT_TEAM = "";
				DYLIB_COMPATIBILITY_VERSION = 1;
				DYLIB_CURRENT_VERSION = 1;
				DYLIB_INSTALL_NAME_BASE = "@rpath";
				GENERATE_INFOPLIST_FILE = YES;
				INFOPLIST_KEY_NSHumanReadableCopyright = "";
				INSTALL_PATH = "$(LOCAL_LIBRARY_DIR)/Frameworks";
				LD_RUNPATH_SEARCH_PATHS = (
					"@executable_path/Frameworks",
					"@loader_path/Frameworks",
				);
				"LD_RUNPATH_SEARCH_PATHS[sdk=macosx*]" = (
					"@executable_path/../Frameworks",
					"@loader_path/Frameworks",
				);
				MACOSX_DEPLOYMENT_TARGET = 12.6;
				MARKETING_VERSION = 1.0;
				PRODUCT_BUNDLE_IDENTIFIER = org.loopkit.G7SensorKit;
				PRODUCT_NAME = "$(TARGET_NAME:c99extidentifier)";
				SDKROOT = auto;
				SKIP_INSTALL = YES;
				SUPPORTED_PLATFORMS = "iphoneos iphonesimulator";
				SUPPORTS_MACCATALYST = NO;
				SUPPORTS_MAC_DESIGNED_FOR_IPHONE_IPAD = NO;
				SWIFT_EMIT_LOC_STRINGS = YES;
				SWIFT_VERSION = 5.0;
				TARGETED_DEVICE_FAMILY = 1;
			};
			name = Release;
		};
		C17F50DC291EAC3800555EB5 /* Debug */ = {
			isa = XCBuildConfiguration;
			buildSettings = {
				ALWAYS_EMBED_SWIFT_STANDARD_LIBRARIES = YES;
				CODE_SIGN_STYLE = Automatic;
				CURRENT_PROJECT_VERSION = 1;
				DEVELOPMENT_TEAM = "";
				GENERATE_INFOPLIST_FILE = YES;
				MACOSX_DEPLOYMENT_TARGET = 12.6;
				MARKETING_VERSION = 1.0;
				PRODUCT_BUNDLE_IDENTIFIER = org.loopkit.G7SensorKitTests;
				PRODUCT_NAME = "$(TARGET_NAME)";
				SDKROOT = auto;
				SUPPORTED_PLATFORMS = "iphoneos iphonesimulator";
				SUPPORTS_MACCATALYST = NO;
				SUPPORTS_MAC_DESIGNED_FOR_IPHONE_IPAD = NO;
				SWIFT_EMIT_LOC_STRINGS = NO;
				SWIFT_VERSION = 5.0;
				TARGETED_DEVICE_FAMILY = 1;
			};
			name = Debug;
		};
		C17F50DD291EAC3800555EB5 /* Release */ = {
			isa = XCBuildConfiguration;
			buildSettings = {
				ALWAYS_EMBED_SWIFT_STANDARD_LIBRARIES = YES;
				CODE_SIGN_STYLE = Automatic;
				CURRENT_PROJECT_VERSION = 1;
				DEVELOPMENT_TEAM = "";
				GENERATE_INFOPLIST_FILE = YES;
				MACOSX_DEPLOYMENT_TARGET = 12.6;
				MARKETING_VERSION = 1.0;
				PRODUCT_BUNDLE_IDENTIFIER = org.loopkit.G7SensorKitTests;
				PRODUCT_NAME = "$(TARGET_NAME)";
				SDKROOT = auto;
				SUPPORTED_PLATFORMS = "iphoneos iphonesimulator";
				SUPPORTS_MACCATALYST = NO;
				SUPPORTS_MAC_DESIGNED_FOR_IPHONE_IPAD = NO;
				SWIFT_EMIT_LOC_STRINGS = NO;
				SWIFT_VERSION = 5.0;
				TARGETED_DEVICE_FAMILY = 1;
			};
			name = Release;
		};
		C17F50FD291EAC9100555EB5 /* Debug */ = {
			isa = XCBuildConfiguration;
			buildSettings = {
				CODE_SIGN_STYLE = Automatic;
				CURRENT_PROJECT_VERSION = 1;
				DEFINES_MODULE = YES;
				DEVELOPMENT_TEAM = "";
				DYLIB_COMPATIBILITY_VERSION = 1;
				DYLIB_CURRENT_VERSION = 1;
				DYLIB_INSTALL_NAME_BASE = "@rpath";
				GENERATE_INFOPLIST_FILE = YES;
				INFOPLIST_KEY_NSHumanReadableCopyright = "";
				INSTALL_PATH = "$(LOCAL_LIBRARY_DIR)/Frameworks";
				LD_RUNPATH_SEARCH_PATHS = (
					"$(inherited)",
					"@executable_path/Frameworks",
					"@loader_path/Frameworks",
				);
				MARKETING_VERSION = 1.0;
				PRODUCT_BUNDLE_IDENTIFIER = org.loopkit.G7SensorKitUI;
				PRODUCT_NAME = "$(TARGET_NAME:c99extidentifier)";
				SDKROOT = iphoneos;
				SKIP_INSTALL = YES;
				SUPPORTED_PLATFORMS = "iphoneos iphonesimulator";
				SUPPORTS_MACCATALYST = NO;
				SUPPORTS_MAC_DESIGNED_FOR_IPHONE_IPAD = NO;
				SWIFT_EMIT_LOC_STRINGS = YES;
				SWIFT_VERSION = 5.0;
				TARGETED_DEVICE_FAMILY = 1;
			};
			name = Debug;
		};
		C17F50FE291EAC9100555EB5 /* Release */ = {
			isa = XCBuildConfiguration;
			buildSettings = {
				CODE_SIGN_STYLE = Automatic;
				CURRENT_PROJECT_VERSION = 1;
				DEFINES_MODULE = YES;
				DEVELOPMENT_TEAM = "";
				DYLIB_COMPATIBILITY_VERSION = 1;
				DYLIB_CURRENT_VERSION = 1;
				DYLIB_INSTALL_NAME_BASE = "@rpath";
				GENERATE_INFOPLIST_FILE = YES;
				INFOPLIST_KEY_NSHumanReadableCopyright = "";
				INSTALL_PATH = "$(LOCAL_LIBRARY_DIR)/Frameworks";
				LD_RUNPATH_SEARCH_PATHS = (
					"$(inherited)",
					"@executable_path/Frameworks",
					"@loader_path/Frameworks",
				);
				MARKETING_VERSION = 1.0;
				PRODUCT_BUNDLE_IDENTIFIER = org.loopkit.G7SensorKitUI;
				PRODUCT_NAME = "$(TARGET_NAME:c99extidentifier)";
				SDKROOT = iphoneos;
				SKIP_INSTALL = YES;
				SUPPORTED_PLATFORMS = "iphoneos iphonesimulator";
				SUPPORTS_MACCATALYST = NO;
				SUPPORTS_MAC_DESIGNED_FOR_IPHONE_IPAD = NO;
				SWIFT_EMIT_LOC_STRINGS = YES;
				SWIFT_VERSION = 5.0;
				TARGETED_DEVICE_FAMILY = 1;
				VALIDATE_PRODUCT = YES;
			};
			name = Release;
		};
		C17F5122291EACCD00555EB5 /* Debug */ = {
			isa = XCBuildConfiguration;
			buildSettings = {
				CLANG_ENABLE_MODULES = YES;
				CODE_SIGN_STYLE = Automatic;
				CURRENT_PROJECT_VERSION = 1;
				DEFINES_MODULE = NO;
				DEVELOPMENT_TEAM = "";
				DYLIB_COMPATIBILITY_VERSION = 1;
				DYLIB_CURRENT_VERSION = 1;
				DYLIB_INSTALL_NAME_BASE = "@rpath";
				GENERATE_INFOPLIST_FILE = YES;
				INFOPLIST_FILE = G7SensorPlugin/Info.plist;
				INFOPLIST_KEY_NSHumanReadableCopyright = "";
				INSTALL_PATH = "$(LOCAL_LIBRARY_DIR)/Frameworks";
				LD_DYLIB_INSTALL_NAME = "";
				LD_RUNPATH_SEARCH_PATHS = (
					"$(inherited)",
					"@executable_path/Frameworks",
					"@loader_path/Frameworks",
				);
				MARKETING_VERSION = 1.0;
				PRODUCT_BUNDLE_IDENTIFIER = org.loopkit.G7SensorPlugin;
				PRODUCT_NAME = "$(TARGET_NAME:c99extidentifier)";
				SDKROOT = iphoneos;
				SKIP_INSTALL = YES;
				SUPPORTED_PLATFORMS = "iphoneos iphonesimulator";
				SUPPORTS_MACCATALYST = NO;
				SUPPORTS_MAC_DESIGNED_FOR_IPHONE_IPAD = NO;
				SWIFT_EMIT_LOC_STRINGS = YES;
				SWIFT_OPTIMIZATION_LEVEL = "-Onone";
				SWIFT_VERSION = 5.0;
				TARGETED_DEVICE_FAMILY = 1;
				WRAPPER_EXTENSION = loopplugin;
			};
			name = Debug;
		};
		C17F5123291EACCD00555EB5 /* Release */ = {
			isa = XCBuildConfiguration;
			buildSettings = {
				CLANG_ENABLE_MODULES = YES;
				CODE_SIGN_STYLE = Automatic;
				CURRENT_PROJECT_VERSION = 1;
				DEFINES_MODULE = NO;
				DEVELOPMENT_TEAM = "";
				DYLIB_COMPATIBILITY_VERSION = 1;
				DYLIB_CURRENT_VERSION = 1;
				DYLIB_INSTALL_NAME_BASE = "@rpath";
				GENERATE_INFOPLIST_FILE = YES;
				INFOPLIST_FILE = G7SensorPlugin/Info.plist;
				INFOPLIST_KEY_NSHumanReadableCopyright = "";
				INSTALL_PATH = "$(LOCAL_LIBRARY_DIR)/Frameworks";
				LD_DYLIB_INSTALL_NAME = "";
				LD_RUNPATH_SEARCH_PATHS = (
					"$(inherited)",
					"@executable_path/Frameworks",
					"@loader_path/Frameworks",
				);
				MARKETING_VERSION = 1.0;
				PRODUCT_BUNDLE_IDENTIFIER = org.loopkit.G7SensorPlugin;
				PRODUCT_NAME = "$(TARGET_NAME:c99extidentifier)";
				SDKROOT = iphoneos;
				SKIP_INSTALL = YES;
				SUPPORTED_PLATFORMS = "iphoneos iphonesimulator";
				SUPPORTS_MACCATALYST = NO;
				SUPPORTS_MAC_DESIGNED_FOR_IPHONE_IPAD = NO;
				SWIFT_EMIT_LOC_STRINGS = YES;
				SWIFT_VERSION = 5.0;
				TARGETED_DEVICE_FAMILY = 1;
				VALIDATE_PRODUCT = YES;
				WRAPPER_EXTENSION = loopplugin;
			};
			name = Release;
		};
/* End XCBuildConfiguration section */

/* Begin XCConfigurationList section */
		C17F50C0291EAC3800555EB5 /* Build configuration list for PBXProject "G7SensorKit" */ = {
			isa = XCConfigurationList;
			buildConfigurations = (
				C17F50D6291EAC3800555EB5 /* Debug */,
				C17F50D7291EAC3800555EB5 /* Release */,
			);
			defaultConfigurationIsVisible = 0;
			defaultConfigurationName = Release;
		};
		C17F50D8291EAC3800555EB5 /* Build configuration list for PBXNativeTarget "G7SensorKit" */ = {
			isa = XCConfigurationList;
			buildConfigurations = (
				C17F50D9291EAC3800555EB5 /* Debug */,
				C17F50DA291EAC3800555EB5 /* Release */,
			);
			defaultConfigurationIsVisible = 0;
			defaultConfigurationName = Release;
		};
		C17F50DB291EAC3800555EB5 /* Build configuration list for PBXNativeTarget "G7SensorKitTests" */ = {
			isa = XCConfigurationList;
			buildConfigurations = (
				C17F50DC291EAC3800555EB5 /* Debug */,
				C17F50DD291EAC3800555EB5 /* Release */,
			);
			defaultConfigurationIsVisible = 0;
			defaultConfigurationName = Release;
		};
		C17F50FC291EAC9100555EB5 /* Build configuration list for PBXNativeTarget "G7SensorKitUI" */ = {
			isa = XCConfigurationList;
			buildConfigurations = (
				C17F50FD291EAC9100555EB5 /* Debug */,
				C17F50FE291EAC9100555EB5 /* Release */,
			);
			defaultConfigurationIsVisible = 0;
			defaultConfigurationName = Release;
		};
		C17F5121291EACCD00555EB5 /* Build configuration list for PBXNativeTarget "G7SensorPlugin" */ = {
			isa = XCConfigurationList;
			buildConfigurations = (
				C17F5122291EACCD00555EB5 /* Debug */,
				C17F5123291EACCD00555EB5 /* Release */,
			);
			defaultConfigurationIsVisible = 0;
			defaultConfigurationName = Release;
		};
/* End XCConfigurationList section */
	};
	rootObject = C17F50BD291EAC3800555EB5 /* Project object */;
}
